{
    "name": "ecr-image-scan-results-handler-deployment",
    "version": "1.0.0",
    "lockfileVersion": 1,
    "requires": true,
    "dependencies": {
        "@aws-cdk/assets": {
            "version": "1.17.0",
            "resolved": "https://registry.npmjs.org/@aws-cdk/assets/-/assets-1.17.0.tgz",
            "integrity": "sha512-ucOaZyWRY6L+tctjIiRZ+AdJnAbL+Tvxe5BrrYfaRZo39Fga/cAWiqZRgz0cwN4W4CeC5CWUBX+aTTRE/UCTng==",
            "dev": true,
            "requires": {
                "@aws-cdk/core": "1.17.0",
                "@aws-cdk/cx-api": "1.17.0",
                "minimatch": "^3.0.4"
            },
            "dependencies": {
                "balanced-match": {
                    "version": "1.0.0",
                    "bundled": true,
                    "dev": true
                },
                "brace-expansion": {
                    "version": "1.1.11",
                    "bundled": true,
                    "dev": true,
                    "requires": {
                        "balanced-match": "^1.0.0",
                        "concat-map": "0.0.1"
                    }
                },
                "concat-map": {
                    "version": "0.0.1",
                    "bundled": true,
                    "dev": true
                },
                "minimatch": {
                    "version": "3.0.4",
                    "bundled": true,
                    "dev": true,
                    "requires": {
                        "brace-expansion": "^1.1.7"
                    }
                }
            }
        },
        "@aws-cdk/aws-apigateway": {
            "version": "1.17.0",
            "resolved": "https://registry.npmjs.org/@aws-cdk/aws-apigateway/-/aws-apigateway-1.17.0.tgz",
            "integrity": "sha512-s/fwvxe6DzuxkIGuG6idh2GsVmjQJ+DPM/tokKffYcLcH8lpMw3ccGzl6OqxbHcInpA/cPmJfq28qHb6xXKNbg==",
            "dev": true,
            "requires": {
                "@aws-cdk/aws-certificatemanager": "1.17.0",
                "@aws-cdk/aws-elasticloadbalancingv2": "1.17.0",
                "@aws-cdk/aws-iam": "1.17.0",
                "@aws-cdk/aws-lambda": "1.17.0",
                "@aws-cdk/core": "1.17.0"
            }
        },
        "@aws-cdk/aws-applicationautoscaling": {
            "version": "1.17.0",
            "resolved": "https://registry.npmjs.org/@aws-cdk/aws-applicationautoscaling/-/aws-applicationautoscaling-1.17.0.tgz",
            "integrity": "sha512-bQJJ6pjoyNTonFG0cWhpsNrc72k1gCNm9gdh3hxfZFzbQKoBR4rriB12I2xnNcVySLCHSRZMPQzjwzGWj/U+BA==",
            "dev": true,
            "requires": {
                "@aws-cdk/aws-autoscaling-common": "1.17.0",
                "@aws-cdk/aws-cloudwatch": "1.17.0",
                "@aws-cdk/aws-iam": "1.17.0",
                "@aws-cdk/core": "1.17.0"
            }
        },
        "@aws-cdk/aws-autoscaling": {
            "version": "1.17.0",
            "resolved": "https://registry.npmjs.org/@aws-cdk/aws-autoscaling/-/aws-autoscaling-1.17.0.tgz",
            "integrity": "sha512-WqzjVeeaSJ49Gcg+DAmv9TYPxeDC1y8f0OXSF68rGiriIQbA2kH1ys3eE06xg1sjdWGZm0h2EefXVLtueJPgVw==",
            "dev": true,
            "requires": {
                "@aws-cdk/aws-autoscaling-common": "1.17.0",
                "@aws-cdk/aws-cloudwatch": "1.17.0",
                "@aws-cdk/aws-ec2": "1.17.0",
                "@aws-cdk/aws-elasticloadbalancing": "1.17.0",
                "@aws-cdk/aws-elasticloadbalancingv2": "1.17.0",
                "@aws-cdk/aws-iam": "1.17.0",
                "@aws-cdk/aws-sns": "1.17.0",
                "@aws-cdk/core": "1.17.0"
            }
        },
        "@aws-cdk/aws-autoscaling-common": {
            "version": "1.17.0",
            "resolved": "https://registry.npmjs.org/@aws-cdk/aws-autoscaling-common/-/aws-autoscaling-common-1.17.0.tgz",
            "integrity": "sha512-Z8ApBbquLIQSh47TRdQY05gUS/NnRFAz8YSHFTdQTZ4cAAx6Sxu07ojjuu0cRvnLuiNLfK0gFgeNWjPPts0e/w==",
            "dev": true,
            "requires": {
                "@aws-cdk/aws-iam": "1.17.0",
                "@aws-cdk/core": "1.17.0"
            }
        },
        "@aws-cdk/aws-autoscaling-hooktargets": {
            "version": "1.17.0",
            "resolved": "https://registry.npmjs.org/@aws-cdk/aws-autoscaling-hooktargets/-/aws-autoscaling-hooktargets-1.17.0.tgz",
            "integrity": "sha512-xdcVjzAfpXnZejzGV3S4EK8TABCVygeL5jMyLVSnMTFz6hsMNsyXMBjzdZ6FkRk6OF2piCVTvFgzBidJlAbaVA==",
            "dev": true,
            "requires": {
                "@aws-cdk/aws-autoscaling": "1.17.0",
                "@aws-cdk/aws-iam": "1.17.0",
                "@aws-cdk/aws-lambda": "1.17.0",
                "@aws-cdk/aws-sns": "1.17.0",
                "@aws-cdk/aws-sns-subscriptions": "1.17.0",
                "@aws-cdk/aws-sqs": "1.17.0",
                "@aws-cdk/core": "1.17.0"
            }
        },
        "@aws-cdk/aws-certificatemanager": {
            "version": "1.17.0",
            "resolved": "https://registry.npmjs.org/@aws-cdk/aws-certificatemanager/-/aws-certificatemanager-1.17.0.tgz",
            "integrity": "sha512-9bbac/Y/NIZNhYfm7qJcfLrmyl/6FD10luFLC1ERoiHwekqxsFT7ehzqhOIldL6F/Q5ejxjaHAHGigXEhyHsKw==",
            "dev": true,
            "requires": {
                "@aws-cdk/aws-cloudformation": "1.17.0",
                "@aws-cdk/aws-iam": "1.17.0",
                "@aws-cdk/aws-lambda": "1.17.0",
                "@aws-cdk/aws-route53": "1.17.0",
                "@aws-cdk/core": "1.17.0"
            }
        },
        "@aws-cdk/aws-cloudformation": {
            "version": "1.17.0",
            "resolved": "https://registry.npmjs.org/@aws-cdk/aws-cloudformation/-/aws-cloudformation-1.17.0.tgz",
            "integrity": "sha512-MYy6FjPTyaSxW8/XDrKVzuJDTaX2SHEqEsA3u04UPhimd1MDDRe3jIwxGM0kE866Z1th+w8qjd8ox1mQIBstMg==",
            "dev": true,
            "requires": {
                "@aws-cdk/aws-iam": "1.17.0",
                "@aws-cdk/aws-lambda": "1.17.0",
                "@aws-cdk/aws-s3": "1.17.0",
                "@aws-cdk/aws-sns": "1.17.0",
                "@aws-cdk/core": "1.17.0",
                "@aws-cdk/cx-api": "1.17.0"
            }
        },
        "@aws-cdk/aws-cloudfront": {
            "version": "1.17.0",
            "resolved": "https://registry.npmjs.org/@aws-cdk/aws-cloudfront/-/aws-cloudfront-1.17.0.tgz",
            "integrity": "sha512-mei4hTejA4lUfeQQlyzucDRoyLcAHqx3y7gE15WxgJOfRyL1p0t2Z1K5jQ6iU78qo1Ynle69Vi9eQ+RmykhrAw==",
            "dev": true,
            "requires": {
                "@aws-cdk/aws-certificatemanager": "1.17.0",
                "@aws-cdk/aws-iam": "1.17.0",
                "@aws-cdk/aws-kms": "1.17.0",
                "@aws-cdk/aws-lambda": "1.17.0",
                "@aws-cdk/aws-s3": "1.17.0",
                "@aws-cdk/core": "1.17.0"
            }
        },
        "@aws-cdk/aws-cloudwatch": {
            "version": "1.17.0",
            "resolved": "https://registry.npmjs.org/@aws-cdk/aws-cloudwatch/-/aws-cloudwatch-1.17.0.tgz",
            "integrity": "sha512-w+4ZjoycltJEDKB40Cbnouz5S8NsUq5825KP9j76Alnt5/kAUpdzEvqyRGHE3wKk257HdGGZOc/3Ei9Zq8DHTA==",
            "dev": true,
            "requires": {
                "@aws-cdk/aws-iam": "1.17.0",
                "@aws-cdk/core": "1.17.0"
            }
        },
        "@aws-cdk/aws-codebuild": {
            "version": "1.17.0",
            "resolved": "https://registry.npmjs.org/@aws-cdk/aws-codebuild/-/aws-codebuild-1.17.0.tgz",
            "integrity": "sha512-1N1oXrjw9KK0n54/1uk8XArxZzpF5saKDYZ3qvUVVh0AQWSeLsBG1yGWiKHxdAw/1gWzLVwUMWkqsf6y6ipEWw==",
            "dev": true,
            "requires": {
                "@aws-cdk/assets": "1.17.0",
                "@aws-cdk/aws-cloudwatch": "1.17.0",
                "@aws-cdk/aws-codecommit": "1.17.0",
                "@aws-cdk/aws-ec2": "1.17.0",
                "@aws-cdk/aws-ecr": "1.17.0",
                "@aws-cdk/aws-ecr-assets": "1.17.0",
                "@aws-cdk/aws-events": "1.17.0",
                "@aws-cdk/aws-iam": "1.17.0",
                "@aws-cdk/aws-kms": "1.17.0",
                "@aws-cdk/aws-s3": "1.17.0",
                "@aws-cdk/aws-s3-assets": "1.17.0",
                "@aws-cdk/aws-secretsmanager": "1.17.0",
                "@aws-cdk/core": "1.17.0"
            },
            "dependencies": {
                "@aws-cdk/assets": {
                    "version": "1.17.0",
                    "resolved": "https://registry.npmjs.org/@aws-cdk/assets/-/assets-1.17.0.tgz",
                    "integrity": "sha512-ucOaZyWRY6L+tctjIiRZ+AdJnAbL+Tvxe5BrrYfaRZo39Fga/cAWiqZRgz0cwN4W4CeC5CWUBX+aTTRE/UCTng==",
                    "dev": true,
                    "requires": {
                        "@aws-cdk/core": "1.17.0",
                        "@aws-cdk/cx-api": "1.17.0",
                        "minimatch": "^3.0.4"
                    },
                    "dependencies": {
                        "balanced-match": {
                            "version": "1.0.0",
                            "bundled": true,
                            "dev": true
                        },
                        "brace-expansion": {
                            "version": "1.1.11",
                            "bundled": true,
                            "dev": true,
                            "requires": {
                                "balanced-match": "^1.0.0",
                                "concat-map": "0.0.1"
                            }
                        },
                        "concat-map": {
                            "version": "0.0.1",
                            "bundled": true,
                            "dev": true
                        },
                        "minimatch": {
                            "version": "3.0.4",
                            "bundled": true,
                            "dev": true,
                            "requires": {
                                "brace-expansion": "^1.1.7"
                            }
                        }
                    }
                }
            }
        },
        "@aws-cdk/aws-codecommit": {
            "version": "1.17.0",
            "resolved": "https://registry.npmjs.org/@aws-cdk/aws-codecommit/-/aws-codecommit-1.17.0.tgz",
            "integrity": "sha512-jcG26NqNfPSuC7a3SPWVeGAXI2Pzwdf3gAj0sarehXgMXDhbxLkr+w4EPqcVgj/KpOqAtWSCbVfmYpwGuJr1sg==",
            "dev": true,
            "requires": {
                "@aws-cdk/aws-events": "1.17.0",
                "@aws-cdk/aws-iam": "1.17.0",
                "@aws-cdk/core": "1.17.0"
            }
        },
        "@aws-cdk/aws-codepipeline": {
            "version": "1.17.0",
            "resolved": "https://registry.npmjs.org/@aws-cdk/aws-codepipeline/-/aws-codepipeline-1.17.0.tgz",
            "integrity": "sha512-Kk5QJL+v+1fvBRY/mVg1fbDptmLvCeEum2nPfbPYcLVdVCwJLelbuSxDYDCGv6NZrPCwqSYWy/ncA+pqMg6Gsg==",
            "dev": true,
            "requires": {
                "@aws-cdk/aws-events": "1.17.0",
                "@aws-cdk/aws-iam": "1.17.0",
                "@aws-cdk/aws-kms": "1.17.0",
                "@aws-cdk/aws-s3": "1.17.0",
                "@aws-cdk/core": "1.17.0"
            }
        },
        "@aws-cdk/aws-ec2": {
            "version": "1.17.0",
            "resolved": "https://registry.npmjs.org/@aws-cdk/aws-ec2/-/aws-ec2-1.17.0.tgz",
            "integrity": "sha512-tFQ8eho/lam+GlHuGn0mtCKc6tM6SCj/fwitVl6uAjih6ZbprMYQ0Zo+3VOY2xJltECwzeFm3fu9qL7te3Vxww==",
            "dev": true,
            "requires": {
                "@aws-cdk/aws-cloudwatch": "1.17.0",
                "@aws-cdk/aws-iam": "1.17.0",
                "@aws-cdk/aws-ssm": "1.17.0",
                "@aws-cdk/core": "1.17.0",
                "@aws-cdk/cx-api": "1.17.0"
            }
        },
        "@aws-cdk/aws-ecr": {
            "version": "1.17.0",
            "resolved": "https://registry.npmjs.org/@aws-cdk/aws-ecr/-/aws-ecr-1.17.0.tgz",
            "integrity": "sha512-60EvD+GTCkrRrUeMntNJft7Lq4oSXnsj4OlmfkyKVnkJCELcdW56WOENC0iWOqDLE5rs5qbxvs3QgWM2PrM3xA==",
            "dev": true,
            "requires": {
                "@aws-cdk/aws-events": "1.17.0",
                "@aws-cdk/aws-iam": "1.17.0",
                "@aws-cdk/core": "1.17.0"
            }
        },
        "@aws-cdk/aws-ecr-assets": {
            "version": "1.17.0",
            "resolved": "https://registry.npmjs.org/@aws-cdk/aws-ecr-assets/-/aws-ecr-assets-1.17.0.tgz",
            "integrity": "sha512-V1JeJATBfygyG57DiBqJoGUkTDtSsbOpajuJ/kNMRGHTgPJ9Flvv5BTSQqXI/1E2UemVHnzRFY1Z892/FSFtpw==",
            "dev": true,
            "requires": {
                "@aws-cdk/assets": "1.17.0",
                "@aws-cdk/aws-cloudformation": "1.17.0",
                "@aws-cdk/aws-ecr": "1.17.0",
                "@aws-cdk/aws-iam": "1.17.0",
                "@aws-cdk/aws-lambda": "1.17.0",
                "@aws-cdk/aws-s3": "1.17.0",
                "@aws-cdk/core": "1.17.0",
                "@aws-cdk/cx-api": "1.17.0"
            },
            "dependencies": {
                "@aws-cdk/assets": {
                    "version": "1.17.0",
                    "resolved": "https://registry.npmjs.org/@aws-cdk/assets/-/assets-1.17.0.tgz",
                    "integrity": "sha512-ucOaZyWRY6L+tctjIiRZ+AdJnAbL+Tvxe5BrrYfaRZo39Fga/cAWiqZRgz0cwN4W4CeC5CWUBX+aTTRE/UCTng==",
                    "dev": true,
                    "requires": {
                        "@aws-cdk/core": "1.17.0",
                        "@aws-cdk/cx-api": "1.17.0",
                        "minimatch": "^3.0.4"
                    },
                    "dependencies": {
                        "balanced-match": {
                            "version": "1.0.0",
                            "bundled": true,
                            "dev": true
                        },
                        "brace-expansion": {
                            "version": "1.1.11",
                            "bundled": true,
                            "dev": true,
                            "requires": {
                                "balanced-match": "^1.0.0",
                                "concat-map": "0.0.1"
                            }
                        },
                        "concat-map": {
                            "version": "0.0.1",
                            "bundled": true,
                            "dev": true
                        },
                        "minimatch": {
                            "version": "3.0.4",
                            "bundled": true,
                            "dev": true,
                            "requires": {
                                "brace-expansion": "^1.1.7"
                            }
                        }
                    }
                }
            }
        },
        "@aws-cdk/aws-ecs": {
            "version": "1.17.0",
            "resolved": "https://registry.npmjs.org/@aws-cdk/aws-ecs/-/aws-ecs-1.17.0.tgz",
            "integrity": "sha512-wqPHgAhh4Dd28bWnOTz8eBtQnebIdMkdHZ9nE7Fwr/v6546Tz4XdH5Mzgk8vsG6TSDFjqZv/dJ5x5DQhYLwsbw==",
            "dev": true,
            "requires": {
                "@aws-cdk/aws-applicationautoscaling": "1.17.0",
                "@aws-cdk/aws-autoscaling": "1.17.0",
                "@aws-cdk/aws-autoscaling-hooktargets": "1.17.0",
                "@aws-cdk/aws-certificatemanager": "1.17.0",
                "@aws-cdk/aws-cloudformation": "1.17.0",
                "@aws-cdk/aws-cloudwatch": "1.17.0",
                "@aws-cdk/aws-ec2": "1.17.0",
                "@aws-cdk/aws-ecr": "1.17.0",
                "@aws-cdk/aws-ecr-assets": "1.17.0",
                "@aws-cdk/aws-elasticloadbalancing": "1.17.0",
                "@aws-cdk/aws-elasticloadbalancingv2": "1.17.0",
                "@aws-cdk/aws-iam": "1.17.0",
                "@aws-cdk/aws-lambda": "1.17.0",
                "@aws-cdk/aws-logs": "1.17.0",
                "@aws-cdk/aws-route53": "1.17.0",
                "@aws-cdk/aws-route53-targets": "1.17.0",
                "@aws-cdk/aws-secretsmanager": "1.17.0",
                "@aws-cdk/aws-servicediscovery": "1.17.0",
                "@aws-cdk/aws-sns": "1.17.0",
                "@aws-cdk/aws-sqs": "1.17.0",
                "@aws-cdk/aws-ssm": "1.17.0",
                "@aws-cdk/core": "1.17.0",
                "@aws-cdk/cx-api": "1.17.0"
            }
        },
        "@aws-cdk/aws-elasticloadbalancing": {
            "version": "1.17.0",
            "resolved": "https://registry.npmjs.org/@aws-cdk/aws-elasticloadbalancing/-/aws-elasticloadbalancing-1.17.0.tgz",
            "integrity": "sha512-sSYgULK6EDBxe+4HdKAMEKkvaWdoRp3+iWoYjyk6BlQ+b/lfZ05rQdCCL/sPsZ/ma8u54npcv/RR7pyOwj0qsQ==",
            "dev": true,
            "requires": {
                "@aws-cdk/aws-ec2": "1.17.0",
                "@aws-cdk/core": "1.17.0"
            }
        },
        "@aws-cdk/aws-elasticloadbalancingv2": {
            "version": "1.17.0",
            "resolved": "https://registry.npmjs.org/@aws-cdk/aws-elasticloadbalancingv2/-/aws-elasticloadbalancingv2-1.17.0.tgz",
            "integrity": "sha512-eyCWaqkU206+ky2WQV9i4BbQqo+GkR23HUEggNClmC8/mDmPdmVgUyDL6pVjsEVkAPuMcLC/qne/TZKOudhIpw==",
            "dev": true,
            "requires": {
                "@aws-cdk/aws-certificatemanager": "1.17.0",
                "@aws-cdk/aws-cloudwatch": "1.17.0",
                "@aws-cdk/aws-ec2": "1.17.0",
                "@aws-cdk/aws-iam": "1.17.0",
                "@aws-cdk/aws-lambda": "1.17.0",
                "@aws-cdk/aws-s3": "1.17.0",
                "@aws-cdk/core": "1.17.0"
            }
        },
        "@aws-cdk/aws-events": {
            "version": "1.17.0",
            "resolved": "https://registry.npmjs.org/@aws-cdk/aws-events/-/aws-events-1.17.0.tgz",
            "integrity": "sha512-f5aeKuhlTMh2cS/OTr2W4w94TR02C/N85tVb0U2yVmBuD8MIR657ay2rCiI9HbuFo9+hDq28CxErueUZEpACMA==",
            "dev": true,
            "requires": {
                "@aws-cdk/aws-iam": "1.17.0",
                "@aws-cdk/core": "1.17.0"
            }
        },
        "@aws-cdk/aws-events-targets": {
            "version": "1.17.0",
            "resolved": "https://registry.npmjs.org/@aws-cdk/aws-events-targets/-/aws-events-targets-1.17.0.tgz",
            "integrity": "sha512-1bxhmBttQqCkIUMt2hUwiaFXLlRbHqfPW5JGjqaEwEbKgQhfhpB/Tc83eOJrQB4GwOPJKPfB4THupe2VVqjAQw==",
            "dev": true,
            "requires": {
                "@aws-cdk/aws-cloudformation": "1.17.0",
                "@aws-cdk/aws-codebuild": "1.17.0",
                "@aws-cdk/aws-codepipeline": "1.17.0",
                "@aws-cdk/aws-ec2": "1.17.0",
                "@aws-cdk/aws-ecs": "1.17.0",
                "@aws-cdk/aws-events": "1.17.0",
                "@aws-cdk/aws-iam": "1.17.0",
                "@aws-cdk/aws-lambda": "1.17.0",
                "@aws-cdk/aws-sns": "1.17.0",
                "@aws-cdk/aws-sns-subscriptions": "1.17.0",
                "@aws-cdk/aws-sqs": "1.17.0",
                "@aws-cdk/aws-stepfunctions": "1.17.0",
                "@aws-cdk/core": "1.17.0"
            }
        },
        "@aws-cdk/aws-iam": {
            "version": "1.17.0",
            "resolved": "https://registry.npmjs.org/@aws-cdk/aws-iam/-/aws-iam-1.17.0.tgz",
            "integrity": "sha512-0zPQ74LpJkOm/FJFDwQj2TfEs2UcaydhIEvl8xeSTrp9CmjTjVK3rI0TSfcvCoZMhR1JQdKxzyLbFCfY+zIEpQ==",
            "dev": true,
            "requires": {
                "@aws-cdk/core": "1.17.0",
                "@aws-cdk/region-info": "1.17.0"
            }
        },
        "@aws-cdk/aws-kms": {
            "version": "1.17.0",
            "resolved": "https://registry.npmjs.org/@aws-cdk/aws-kms/-/aws-kms-1.17.0.tgz",
            "integrity": "sha512-2TjyhYI6iBjUFpGxGZBx0NxBTsk6V4g8POOXi/P7AlNGkYH2hhb5nm0fBbpFnYTCw0PTmX1+b4byI1qkP17pgg==",
            "dev": true,
            "requires": {
                "@aws-cdk/aws-iam": "1.17.0",
                "@aws-cdk/core": "1.17.0"
            }
        },
        "@aws-cdk/aws-lambda": {
            "version": "1.17.0",
            "resolved": "https://registry.npmjs.org/@aws-cdk/aws-lambda/-/aws-lambda-1.17.0.tgz",
            "integrity": "sha512-JvCKq48l46qBWLKnFhGYnOojVxkjwyRDIEkCITd7aV0aIxBUuErZqJQu8T/sQML1kAQFVfaTNSUFYQaxMr0Qrg==",
            "dev": true,
            "requires": {
                "@aws-cdk/aws-cloudwatch": "1.17.0",
                "@aws-cdk/aws-ec2": "1.17.0",
                "@aws-cdk/aws-events": "1.17.0",
                "@aws-cdk/aws-iam": "1.17.0",
                "@aws-cdk/aws-logs": "1.17.0",
                "@aws-cdk/aws-s3": "1.17.0",
                "@aws-cdk/aws-s3-assets": "1.17.0",
                "@aws-cdk/aws-sqs": "1.17.0",
                "@aws-cdk/core": "1.17.0",
                "@aws-cdk/cx-api": "1.17.0"
            }
        },
        "@aws-cdk/aws-logs": {
            "version": "1.17.0",
            "resolved": "https://registry.npmjs.org/@aws-cdk/aws-logs/-/aws-logs-1.17.0.tgz",
            "integrity": "sha512-aZzzw7BZ+TIIquuc1WBt/nV3FsaT+uEC3jSivsJ5iyPlp+Q1KRhhv9k6iCn1AvqS++k3vLf47/WPlvF+qjqp4w==",
            "dev": true,
            "requires": {
                "@aws-cdk/aws-cloudwatch": "1.17.0",
                "@aws-cdk/aws-iam": "1.17.0",
                "@aws-cdk/core": "1.17.0"
            }
        },
        "@aws-cdk/aws-route53": {
            "version": "1.17.0",
            "resolved": "https://registry.npmjs.org/@aws-cdk/aws-route53/-/aws-route53-1.17.0.tgz",
            "integrity": "sha512-Fpq1h65Twxv2oodaO3paAvbIntWkxgqOuCloewvLlZMvhaT8iRo7VMYZKHuTH+e2if8btwidDFCC0CqihEWMMw==",
            "dev": true,
            "requires": {
                "@aws-cdk/aws-ec2": "1.17.0",
                "@aws-cdk/aws-logs": "1.17.0",
                "@aws-cdk/core": "1.17.0",
                "@aws-cdk/cx-api": "1.17.0"
            }
        },
        "@aws-cdk/aws-route53-targets": {
            "version": "1.17.0",
            "resolved": "https://registry.npmjs.org/@aws-cdk/aws-route53-targets/-/aws-route53-targets-1.17.0.tgz",
            "integrity": "sha512-N7o5oFT9qsv95h6WyDiq3DIqauM2gSyrQfFpWJBmoHm4rnYadcQO8TD4Qxew1Ou0iG15tAJhf7OMeytm5eBW8Q==",
            "dev": true,
            "requires": {
                "@aws-cdk/aws-apigateway": "1.17.0",
                "@aws-cdk/aws-cloudfront": "1.17.0",
                "@aws-cdk/aws-elasticloadbalancing": "1.17.0",
                "@aws-cdk/aws-elasticloadbalancingv2": "1.17.0",
                "@aws-cdk/aws-iam": "1.17.0",
                "@aws-cdk/aws-route53": "1.17.0",
                "@aws-cdk/aws-s3": "1.17.0",
                "@aws-cdk/core": "1.17.0",
                "@aws-cdk/region-info": "1.17.0"
            }
        },
        "@aws-cdk/aws-s3": {
            "version": "1.17.0",
            "resolved": "https://registry.npmjs.org/@aws-cdk/aws-s3/-/aws-s3-1.17.0.tgz",
            "integrity": "sha512-n3xpDzG9MuI5a6EXcT9BDNQPFU6B4nX0m9wNKYb7nlDBzRAQz9SKxwjEs5L9wmegxdIiH/sziDAu/02T0StagQ==",
            "dev": true,
            "requires": {
                "@aws-cdk/aws-events": "1.17.0",
                "@aws-cdk/aws-iam": "1.17.0",
                "@aws-cdk/aws-kms": "1.17.0",
                "@aws-cdk/core": "1.17.0"
            }
        },
        "@aws-cdk/aws-s3-assets": {
            "version": "1.17.0",
            "resolved": "https://registry.npmjs.org/@aws-cdk/aws-s3-assets/-/aws-s3-assets-1.17.0.tgz",
            "integrity": "sha512-xVx/jlFbk0WO2RlgiyhoJIbrmU3HP+JQ3725GNMqIg/AVxznY5kd92dVERqSN+20sg1R4HtWZYOWovtjtP7CFA==",
            "dev": true,
            "requires": {
                "@aws-cdk/assets": "1.17.0",
                "@aws-cdk/aws-iam": "1.17.0",
                "@aws-cdk/aws-s3": "1.17.0",
                "@aws-cdk/core": "1.17.0",
                "@aws-cdk/cx-api": "1.17.0"
            },
            "dependencies": {
                "@aws-cdk/assets": {
                    "version": "1.17.0",
                    "resolved": "https://registry.npmjs.org/@aws-cdk/assets/-/assets-1.17.0.tgz",
                    "integrity": "sha512-ucOaZyWRY6L+tctjIiRZ+AdJnAbL+Tvxe5BrrYfaRZo39Fga/cAWiqZRgz0cwN4W4CeC5CWUBX+aTTRE/UCTng==",
                    "dev": true,
                    "requires": {
                        "@aws-cdk/core": "1.17.0",
                        "@aws-cdk/cx-api": "1.17.0",
                        "minimatch": "^3.0.4"
                    },
                    "dependencies": {
                        "balanced-match": {
                            "version": "1.0.0",
                            "bundled": true,
                            "dev": true
                        },
                        "brace-expansion": {
                            "version": "1.1.11",
                            "bundled": true,
                            "dev": true,
                            "requires": {
                                "balanced-match": "^1.0.0",
                                "concat-map": "0.0.1"
                            }
                        },
                        "concat-map": {
                            "version": "0.0.1",
                            "bundled": true,
                            "dev": true
                        },
                        "minimatch": {
                            "version": "3.0.4",
                            "bundled": true,
                            "dev": true,
                            "requires": {
                                "brace-expansion": "^1.1.7"
                            }
                        }
                    }
                }
            }
        },
        "@aws-cdk/aws-secretsmanager": {
            "version": "1.17.0",
            "resolved": "https://registry.npmjs.org/@aws-cdk/aws-secretsmanager/-/aws-secretsmanager-1.17.0.tgz",
            "integrity": "sha512-BK41G/7DomxR98ZCyzfILchyxhwTDJiVfLLQxV3QjI73Nggaoyj/MinbP9q0wQButXozR7jIdRDZgYFTWm+Nuw==",
            "dev": true,
            "requires": {
                "@aws-cdk/aws-ec2": "1.17.0",
                "@aws-cdk/aws-iam": "1.17.0",
                "@aws-cdk/aws-kms": "1.17.0",
                "@aws-cdk/aws-lambda": "1.17.0",
                "@aws-cdk/core": "1.17.0"
            }
        },
        "@aws-cdk/aws-servicediscovery": {
            "version": "1.17.0",
            "resolved": "https://registry.npmjs.org/@aws-cdk/aws-servicediscovery/-/aws-servicediscovery-1.17.0.tgz",
            "integrity": "sha512-V9F3YotNK/qimpuTpIxbkWAbInVVk3QaEbpFYaot/SYRequxkStK79toJPtayGXrkrYKRcfBiW0esIhQ0R7WrA==",
            "dev": true,
            "requires": {
                "@aws-cdk/aws-ec2": "1.17.0",
                "@aws-cdk/aws-elasticloadbalancingv2": "1.17.0",
                "@aws-cdk/aws-route53": "1.17.0",
                "@aws-cdk/core": "1.17.0"
            }
        },
        "@aws-cdk/aws-sns": {
            "version": "1.17.0",
            "resolved": "https://registry.npmjs.org/@aws-cdk/aws-sns/-/aws-sns-1.17.0.tgz",
            "integrity": "sha512-91Qc2YnIHmSZYKMN/Dw6tiLnyFfw0vL0Vx6biTCLf5YB+E+fRPac0G8k1ypWm9UVuWpc0Ihr576ydawp7duqJA==",
            "dev": true,
            "requires": {
                "@aws-cdk/aws-cloudwatch": "1.17.0",
                "@aws-cdk/aws-events": "1.17.0",
                "@aws-cdk/aws-iam": "1.17.0",
                "@aws-cdk/core": "1.17.0"
            }
        },
        "@aws-cdk/aws-sns-subscriptions": {
            "version": "1.17.0",
            "resolved": "https://registry.npmjs.org/@aws-cdk/aws-sns-subscriptions/-/aws-sns-subscriptions-1.17.0.tgz",
            "integrity": "sha512-x7o5tfuYRPHTTIUiIWd7fjlL3I7CO/hzM8DNrZ3wDoqKXDJXb6OJPRIy8pyT0m3Ce/Vvm3ZQTY28zpmXkq4Kzg==",
            "dev": true,
            "requires": {
                "@aws-cdk/aws-iam": "1.17.0",
                "@aws-cdk/aws-lambda": "1.17.0",
                "@aws-cdk/aws-sns": "1.17.0",
                "@aws-cdk/aws-sqs": "1.17.0",
                "@aws-cdk/core": "1.17.0"
            }
        },
        "@aws-cdk/aws-sqs": {
            "version": "1.17.0",
            "resolved": "https://registry.npmjs.org/@aws-cdk/aws-sqs/-/aws-sqs-1.17.0.tgz",
            "integrity": "sha512-hJyIA4Dl3n5FBG59UhplI+7w5qrsHB7ua9vG6jy7bzdr8KFni1/tC2X1mO8ki/6OzVdrjrnvrlb9VZg/Gmr5sA==",
            "dev": true,
            "requires": {
                "@aws-cdk/aws-cloudwatch": "1.17.0",
                "@aws-cdk/aws-iam": "1.17.0",
                "@aws-cdk/aws-kms": "1.17.0",
                "@aws-cdk/core": "1.17.0"
            }
        },
        "@aws-cdk/aws-ssm": {
            "version": "1.17.0",
            "resolved": "https://registry.npmjs.org/@aws-cdk/aws-ssm/-/aws-ssm-1.17.0.tgz",
            "integrity": "sha512-w7PpI2iGLRScymvKjtCWmACxvkA6XlMkPNsuapDIcDIBeDWSuB+JA3nbEouGpSluFRqGBh9Jrk8ape1wXRr/SQ==",
            "dev": true,
            "requires": {
                "@aws-cdk/aws-iam": "1.17.0",
                "@aws-cdk/aws-kms": "1.17.0",
                "@aws-cdk/core": "1.17.0",
                "@aws-cdk/cx-api": "1.17.0"
            }
        },
        "@aws-cdk/aws-stepfunctions": {
            "version": "1.17.0",
            "resolved": "https://registry.npmjs.org/@aws-cdk/aws-stepfunctions/-/aws-stepfunctions-1.17.0.tgz",
            "integrity": "sha512-tLH2EXlYfWZ1XAlH+LkDRoI+2KMDqekffLqtHx5ypmftl0yU5GBMrOnyXP7HJm47GiQJuAblC4pkjIQOVS5jPQ==",
            "dev": true,
            "requires": {
                "@aws-cdk/aws-cloudwatch": "1.17.0",
                "@aws-cdk/aws-events": "1.17.0",
                "@aws-cdk/aws-iam": "1.17.0",
                "@aws-cdk/core": "1.17.0"
            }
        },
        "@aws-cdk/core": {
            "version": "1.17.0",
            "resolved": "https://registry.npmjs.org/@aws-cdk/core/-/core-1.17.0.tgz",
            "integrity": "sha512-vkAgwQdSke2iY26j49XHLmBwGGYAO3xEaXkWJiWjcNv+tM3SMJIpWo8+oS/XZ27BNG15GmNCTXGtAh8fp6wDkA==",
            "dev": true,
            "requires": {
                "@aws-cdk/cx-api": "1.17.0"
            }
        },
        "@aws-cdk/cx-api": {
            "version": "1.17.0",
            "resolved": "https://registry.npmjs.org/@aws-cdk/cx-api/-/cx-api-1.17.0.tgz",
            "integrity": "sha512-P9u465NkIxRYfJtu6rcGbRweHt70jukGCRyyrkylmT+SHENOCIvfwwCkUiGz4OpFFRK0odj++zeP4LG3Q8hpHQ==",
            "dev": true,
            "requires": {
                "semver": "^6.3.0"
            },
            "dependencies": {
                "semver": {
                    "version": "6.3.0",
                    "bundled": true,
                    "dev": true
                }
            }
        },
        "@aws-cdk/region-info": {
            "version": "1.17.0",
            "resolved": "https://registry.npmjs.org/@aws-cdk/region-info/-/region-info-1.17.0.tgz",
            "integrity": "sha512-lYc2NJyHX7qF4oNUkh78e7Y5x/XwHMoRfsifAp2IjrFx38oQs/8h/7gmv/GC9LsUzu/ZKm26lDqEuP2aXwjKqQ==",
            "dev": true
        },
        "@types/node": {
            "version": "12.12.9",
            "resolved": "https://registry.npmjs.org/@types/node/-/node-12.12.9.tgz",
            "integrity": "sha512-kV3w4KeLsRBW+O2rKhktBwENNJuqAUQHS3kf4ia2wIaF/MN6U7ANgTsx7tGremcA0Pk3Yh0Hl0iKiLPuBdIgmw==",
            "dev": true
        },
        "typescript": {
            "version": "3.7.2",
            "resolved": "https://registry.npmjs.org/typescript/-/typescript-3.7.2.tgz",
            "integrity": "sha512-ml7V7JfiN2Xwvcer+XAf2csGO1bPBdRbFCkYBczNZggrBZ9c7G3riSUeJmqEU5uOtXNPMhE3n+R4FA/3YOAWOQ==",
            "dev": true
        }
    }
}
