{
    "name": "ecr-image-scan-results-handler-deployment",
    "version": "1.0.0",
    "lockfileVersion": 1,
    "requires": true,
    "dependencies": {
        "@aws-cdk/assets": {
            "version": "1.18.0",
            "resolved": "https://registry.npmjs.org/@aws-cdk/assets/-/assets-1.18.0.tgz",
            "integrity": "sha512-mkb4lR3JzWoQyKdHbkri5v6NuKEQNJ9gbbyoad61nTCfdRbpKfJ8agEzhT/9F7FdsPdCZuDFGAxxRYOBw5B1Jw==",
            "dev": true,
            "requires": {
                "@aws-cdk/core": "1.18.0",
                "@aws-cdk/cx-api": "1.18.0",
                "minimatch": "^3.0.4"
            },
            "dependencies": {
                "balanced-match": {
                    "version": "1.0.0",
                    "bundled": true,
                    "dev": true
                },
                "brace-expansion": {
                    "version": "1.1.11",
                    "bundled": true,
                    "dev": true,
                    "requires": {
                        "balanced-match": "^1.0.0",
                        "concat-map": "0.0.1"
                    }
                },
                "concat-map": {
                    "version": "0.0.1",
                    "bundled": true,
                    "dev": true
                },
                "minimatch": {
                    "version": "3.0.4",
                    "bundled": true,
                    "dev": true,
                    "requires": {
                        "brace-expansion": "^1.1.7"
                    }
                }
            }
        },
        "@aws-cdk/aws-apigateway": {
            "version": "1.18.0",
            "resolved": "https://registry.npmjs.org/@aws-cdk/aws-apigateway/-/aws-apigateway-1.18.0.tgz",
            "integrity": "sha512-GiUGUm4CewAdSW5gpY298CNRSLtVVyVffnGDaXElNL6/EUj9jj5WCoeqK2XGXsJFrOjaW/5/+UewlOx7FQZiLg==",
            "dev": true,
            "requires": {
                "@aws-cdk/aws-certificatemanager": "1.18.0",
                "@aws-cdk/aws-elasticloadbalancingv2": "1.18.0",
                "@aws-cdk/aws-iam": "1.18.0",
                "@aws-cdk/aws-lambda": "1.18.0",
                "@aws-cdk/core": "1.18.0"
            }
        },
        "@aws-cdk/aws-applicationautoscaling": {
            "version": "1.18.0",
            "resolved": "https://registry.npmjs.org/@aws-cdk/aws-applicationautoscaling/-/aws-applicationautoscaling-1.18.0.tgz",
            "integrity": "sha512-hZFmj1gSQFvRB3hAj6X/ttGtLq2paT3IvSIlYWKZabnyosWfFYfLObsShjgdKp/BrrRago6PzCCQcYHUK7dxBg==",
            "dev": true,
            "requires": {
                "@aws-cdk/aws-autoscaling-common": "1.18.0",
                "@aws-cdk/aws-cloudwatch": "1.18.0",
                "@aws-cdk/aws-iam": "1.18.0",
                "@aws-cdk/core": "1.18.0"
            }
        },
        "@aws-cdk/aws-autoscaling": {
            "version": "1.18.0",
            "resolved": "https://registry.npmjs.org/@aws-cdk/aws-autoscaling/-/aws-autoscaling-1.18.0.tgz",
            "integrity": "sha512-TeF+YH6WB+sAuOyrAFKegLLi87CmHJg1urdKXIyWjDa+PlCoCZ/SiAr1OOHdToahKhhWFfy+lfbKgZASfoCPLQ==",
            "dev": true,
            "requires": {
                "@aws-cdk/aws-autoscaling-common": "1.18.0",
                "@aws-cdk/aws-cloudwatch": "1.18.0",
                "@aws-cdk/aws-ec2": "1.18.0",
                "@aws-cdk/aws-elasticloadbalancing": "1.18.0",
                "@aws-cdk/aws-elasticloadbalancingv2": "1.18.0",
                "@aws-cdk/aws-iam": "1.18.0",
                "@aws-cdk/aws-sns": "1.18.0",
                "@aws-cdk/core": "1.18.0"
            }
        },
        "@aws-cdk/aws-autoscaling-common": {
            "version": "1.18.0",
            "resolved": "https://registry.npmjs.org/@aws-cdk/aws-autoscaling-common/-/aws-autoscaling-common-1.18.0.tgz",
            "integrity": "sha512-nr6oI9qVo4tGXKfcI3PHxzOn2dhkL8gGjxCLNDUCFkugUr3XpmfboCEM0Amn1A1gqgES/3D7fVbOLaxtxU2WZg==",
            "dev": true,
            "requires": {
                "@aws-cdk/aws-iam": "1.18.0",
                "@aws-cdk/core": "1.18.0"
            }
        },
        "@aws-cdk/aws-autoscaling-hooktargets": {
            "version": "1.18.0",
            "resolved": "https://registry.npmjs.org/@aws-cdk/aws-autoscaling-hooktargets/-/aws-autoscaling-hooktargets-1.18.0.tgz",
            "integrity": "sha512-bToYwlrYAyydCqc7VIDRPDz9U3GvPPgs83neM58lnKObuBXPwSjNu31ErbEZyCTD0XA8vS2mhx481wl4pPcPOg==",
            "dev": true,
            "requires": {
                "@aws-cdk/aws-autoscaling": "1.18.0",
                "@aws-cdk/aws-iam": "1.18.0",
                "@aws-cdk/aws-lambda": "1.18.0",
                "@aws-cdk/aws-sns": "1.18.0",
                "@aws-cdk/aws-sns-subscriptions": "1.18.0",
                "@aws-cdk/aws-sqs": "1.18.0",
                "@aws-cdk/core": "1.18.0"
            }
        },
        "@aws-cdk/aws-certificatemanager": {
            "version": "1.18.0",
            "resolved": "https://registry.npmjs.org/@aws-cdk/aws-certificatemanager/-/aws-certificatemanager-1.18.0.tgz",
            "integrity": "sha512-JXrXJkw6y0J8wiIBUmhMO4icKyILRBm8r2WPjGcep28oF+FYBQGYbD97R5z/5+NJAdb4r06Bu/cNmgleNR4kTw==",
            "dev": true,
            "requires": {
                "@aws-cdk/aws-cloudformation": "1.18.0",
                "@aws-cdk/aws-iam": "1.18.0",
                "@aws-cdk/aws-lambda": "1.18.0",
                "@aws-cdk/aws-route53": "1.18.0",
                "@aws-cdk/core": "1.18.0"
            }
        },
        "@aws-cdk/aws-cloudformation": {
            "version": "1.18.0",
            "resolved": "https://registry.npmjs.org/@aws-cdk/aws-cloudformation/-/aws-cloudformation-1.18.0.tgz",
            "integrity": "sha512-cCkz9pZwimlQMlToWwM0r9hlRY1TLi+7LNhbpiKclKbJx6qM/Hbw366CZf7JnKKeM85k/8eEGi54S85fK48fSQ==",
            "dev": true,
            "requires": {
                "@aws-cdk/aws-iam": "1.18.0",
                "@aws-cdk/aws-lambda": "1.18.0",
                "@aws-cdk/aws-s3": "1.18.0",
                "@aws-cdk/aws-sns": "1.18.0",
                "@aws-cdk/core": "1.18.0",
                "@aws-cdk/cx-api": "1.18.0"
            }
        },
        "@aws-cdk/aws-cloudfront": {
            "version": "1.18.0",
            "resolved": "https://registry.npmjs.org/@aws-cdk/aws-cloudfront/-/aws-cloudfront-1.18.0.tgz",
            "integrity": "sha512-xqxECDkUQcj5SHsZ4FGKDd9l9MYRzzHNL/Wb+Hbj2WHJKOrM0YLFmvEfAr/hLhVk5fC98JUAXkXAXbkL19jmtw==",
            "dev": true,
            "requires": {
                "@aws-cdk/aws-certificatemanager": "1.18.0",
                "@aws-cdk/aws-iam": "1.18.0",
                "@aws-cdk/aws-kms": "1.18.0",
                "@aws-cdk/aws-lambda": "1.18.0",
                "@aws-cdk/aws-s3": "1.18.0",
                "@aws-cdk/core": "1.18.0"
            }
        },
        "@aws-cdk/aws-cloudwatch": {
            "version": "1.18.0",
            "resolved": "https://registry.npmjs.org/@aws-cdk/aws-cloudwatch/-/aws-cloudwatch-1.18.0.tgz",
            "integrity": "sha512-/Lgp/Q/2CSNWnf3DpcNkg+OfZ3BOkRp8gBJUMMgY0mYSRcXyDj9jy2CC1RrYj1G9R2tcyGxlplLoEndtqIiBcA==",
            "dev": true,
            "requires": {
                "@aws-cdk/aws-iam": "1.18.0",
                "@aws-cdk/core": "1.18.0"
            }
        },
        "@aws-cdk/aws-codebuild": {
            "version": "1.18.0",
            "resolved": "https://registry.npmjs.org/@aws-cdk/aws-codebuild/-/aws-codebuild-1.18.0.tgz",
            "integrity": "sha512-LgXhMooisyWijrPkH9NTkI2D2mtmRaCMxFpcndAaf/mcOisc5el/ZQgpKG43lEmcvVmFN5rUYlFxu+FdUxHVpw==",
            "dev": true,
            "requires": {
                "@aws-cdk/assets": "1.18.0",
                "@aws-cdk/aws-cloudwatch": "1.18.0",
                "@aws-cdk/aws-codecommit": "1.18.0",
                "@aws-cdk/aws-ec2": "1.18.0",
                "@aws-cdk/aws-ecr": "1.18.0",
                "@aws-cdk/aws-ecr-assets": "1.18.0",
                "@aws-cdk/aws-events": "1.18.0",
                "@aws-cdk/aws-iam": "1.18.0",
                "@aws-cdk/aws-kms": "1.18.0",
                "@aws-cdk/aws-s3": "1.18.0",
                "@aws-cdk/aws-s3-assets": "1.18.0",
                "@aws-cdk/aws-secretsmanager": "1.18.0",
                "@aws-cdk/core": "1.18.0"
            }
        },
        "@aws-cdk/aws-codecommit": {
            "version": "1.18.0",
            "resolved": "https://registry.npmjs.org/@aws-cdk/aws-codecommit/-/aws-codecommit-1.18.0.tgz",
            "integrity": "sha512-u4H1QSQDJObzVVtmNtOi/3igGRiBhTd31c3zTenWieU+radB5AJk5MrJh+Zmp+chtaSIQ4ZeV+oUXT2IfQUFEg==",
            "dev": true,
            "requires": {
                "@aws-cdk/aws-events": "1.18.0",
                "@aws-cdk/aws-iam": "1.18.0",
                "@aws-cdk/core": "1.18.0"
            }
        },
        "@aws-cdk/aws-codepipeline": {
            "version": "1.18.0",
            "resolved": "https://registry.npmjs.org/@aws-cdk/aws-codepipeline/-/aws-codepipeline-1.18.0.tgz",
            "integrity": "sha512-E1ePX6lbNioIQqqp64ZKMr2PG+7bJJnr3Ex9a6yW596EBz3wSexsRMuCxQAMvtTxRO2d3cX7FDKeslCALuAT5g==",
            "dev": true,
            "requires": {
                "@aws-cdk/aws-events": "1.18.0",
                "@aws-cdk/aws-iam": "1.18.0",
                "@aws-cdk/aws-kms": "1.18.0",
                "@aws-cdk/aws-s3": "1.18.0",
                "@aws-cdk/core": "1.18.0"
            }
        },
        "@aws-cdk/aws-ec2": {
            "version": "1.18.0",
            "resolved": "https://registry.npmjs.org/@aws-cdk/aws-ec2/-/aws-ec2-1.18.0.tgz",
            "integrity": "sha512-xWPlRBo9lj7u7/ib+AE+RTynH+4NVha2/l4WjTLM/msSO+vSXxGg5b8KAw194zuqRH1HCw6r+g4MIbD9gmb1gg==",
            "dev": true,
            "requires": {
                "@aws-cdk/aws-cloudwatch": "1.18.0",
                "@aws-cdk/aws-iam": "1.18.0",
                "@aws-cdk/aws-ssm": "1.18.0",
                "@aws-cdk/core": "1.18.0",
                "@aws-cdk/cx-api": "1.18.0"
            }
        },
        "@aws-cdk/aws-ecr": {
            "version": "1.18.0",
            "resolved": "https://registry.npmjs.org/@aws-cdk/aws-ecr/-/aws-ecr-1.18.0.tgz",
            "integrity": "sha512-E7UjXybNRWJye/5tCzcXEyKOH/aIO3l7Kx8LXgnm9ddOOgYUZgDtYT0a4pXJhwt+9ZLNV/jSFrlAhPcB033UdA==",
            "dev": true,
            "requires": {
                "@aws-cdk/aws-events": "1.18.0",
                "@aws-cdk/aws-iam": "1.18.0",
                "@aws-cdk/core": "1.18.0"
            }
        },
        "@aws-cdk/aws-ecr-assets": {
            "version": "1.18.0",
            "resolved": "https://registry.npmjs.org/@aws-cdk/aws-ecr-assets/-/aws-ecr-assets-1.18.0.tgz",
            "integrity": "sha512-FxVxZFJyx41VTAF55uD6nbMR5jaoHyYDC4sr0soPyoBvEk3e4JE8fJx6CFYNbvQjeNYGsexw5oT4DN6llS0NWg==",
            "dev": true,
            "requires": {
                "@aws-cdk/assets": "1.18.0",
                "@aws-cdk/aws-cloudformation": "1.18.0",
                "@aws-cdk/aws-ecr": "1.18.0",
                "@aws-cdk/aws-iam": "1.18.0",
                "@aws-cdk/aws-lambda": "1.18.0",
                "@aws-cdk/aws-s3": "1.18.0",
                "@aws-cdk/core": "1.18.0",
                "@aws-cdk/cx-api": "1.18.0"
            }
        },
        "@aws-cdk/aws-ecs": {
            "version": "1.18.0",
            "resolved": "https://registry.npmjs.org/@aws-cdk/aws-ecs/-/aws-ecs-1.18.0.tgz",
            "integrity": "sha512-Qkmu8pbm/8Om3b5fCaQOMyaVdxd+fJ++HvSTc7lG8XR2vCGBnt2Go/d/GGZVNs71aTlxy417lSEzzDQpYImjeA==",
            "dev": true,
            "requires": {
                "@aws-cdk/aws-applicationautoscaling": "1.18.0",
                "@aws-cdk/aws-autoscaling": "1.18.0",
                "@aws-cdk/aws-autoscaling-hooktargets": "1.18.0",
                "@aws-cdk/aws-certificatemanager": "1.18.0",
                "@aws-cdk/aws-cloudformation": "1.18.0",
                "@aws-cdk/aws-cloudwatch": "1.18.0",
                "@aws-cdk/aws-ec2": "1.18.0",
                "@aws-cdk/aws-ecr": "1.18.0",
                "@aws-cdk/aws-ecr-assets": "1.18.0",
                "@aws-cdk/aws-elasticloadbalancing": "1.18.0",
                "@aws-cdk/aws-elasticloadbalancingv2": "1.18.0",
                "@aws-cdk/aws-iam": "1.18.0",
                "@aws-cdk/aws-lambda": "1.18.0",
                "@aws-cdk/aws-logs": "1.18.0",
                "@aws-cdk/aws-route53": "1.18.0",
                "@aws-cdk/aws-route53-targets": "1.18.0",
                "@aws-cdk/aws-secretsmanager": "1.18.0",
                "@aws-cdk/aws-servicediscovery": "1.18.0",
                "@aws-cdk/aws-sns": "1.18.0",
                "@aws-cdk/aws-sqs": "1.18.0",
                "@aws-cdk/aws-ssm": "1.18.0",
                "@aws-cdk/core": "1.18.0",
                "@aws-cdk/cx-api": "1.18.0"
            }
        },
        "@aws-cdk/aws-elasticloadbalancing": {
            "version": "1.18.0",
            "resolved": "https://registry.npmjs.org/@aws-cdk/aws-elasticloadbalancing/-/aws-elasticloadbalancing-1.18.0.tgz",
            "integrity": "sha512-p2kZp6M1WjMvgVnllgw5nDWrCqMfsGEJxsATbGaAZc8l1wPobNlJbeqWzIFEuTZs9/tJpbw1++ldLBup1RsmXQ==",
            "dev": true,
            "requires": {
                "@aws-cdk/aws-ec2": "1.18.0",
                "@aws-cdk/core": "1.18.0"
            }
        },
        "@aws-cdk/aws-elasticloadbalancingv2": {
            "version": "1.18.0",
            "resolved": "https://registry.npmjs.org/@aws-cdk/aws-elasticloadbalancingv2/-/aws-elasticloadbalancingv2-1.18.0.tgz",
            "integrity": "sha512-ZsquayhYGkCQDa2SgziseuCc4g7vA3iIWWk/IYd7wBjQhmTbnjSjgn+DemOZJpNHU6oCZizIlJGP0dXoykFczw==",
            "dev": true,
            "requires": {
                "@aws-cdk/aws-certificatemanager": "1.18.0",
                "@aws-cdk/aws-cloudwatch": "1.18.0",
                "@aws-cdk/aws-ec2": "1.18.0",
                "@aws-cdk/aws-iam": "1.18.0",
                "@aws-cdk/aws-lambda": "1.18.0",
                "@aws-cdk/aws-s3": "1.18.0",
                "@aws-cdk/core": "1.18.0"
            }
        },
        "@aws-cdk/aws-events": {
            "version": "1.18.0",
            "resolved": "https://registry.npmjs.org/@aws-cdk/aws-events/-/aws-events-1.18.0.tgz",
            "integrity": "sha512-SPuOM3SoJH7TAwMvbWz+paEOSPtGqXnbdt0bKfY/ZPEHvmW2hmGdUS7kIPZauMc/TzOyi/YIxWX8a4FY1htCdQ==",
            "dev": true,
            "requires": {
                "@aws-cdk/aws-iam": "1.18.0",
                "@aws-cdk/core": "1.18.0"
            }
        },
        "@aws-cdk/aws-events-targets": {
            "version": "1.18.0",
            "resolved": "https://registry.npmjs.org/@aws-cdk/aws-events-targets/-/aws-events-targets-1.18.0.tgz",
            "integrity": "sha512-uRDVnoOeviSqUlO5884sNiVeeBcZEQMEJDbt14FfZZNbtx4mWqiv4lZTsJUPgr4/OSE5Pdb3GQKueq/jd2nXgA==",
            "dev": true,
            "requires": {
                "@aws-cdk/aws-cloudformation": "1.18.0",
                "@aws-cdk/aws-codebuild": "1.18.0",
                "@aws-cdk/aws-codepipeline": "1.18.0",
                "@aws-cdk/aws-ec2": "1.18.0",
                "@aws-cdk/aws-ecs": "1.18.0",
                "@aws-cdk/aws-events": "1.18.0",
                "@aws-cdk/aws-iam": "1.18.0",
                "@aws-cdk/aws-lambda": "1.18.0",
                "@aws-cdk/aws-sns": "1.18.0",
                "@aws-cdk/aws-sns-subscriptions": "1.18.0",
                "@aws-cdk/aws-sqs": "1.18.0",
                "@aws-cdk/aws-stepfunctions": "1.18.0",
                "@aws-cdk/core": "1.18.0"
            }
        },
        "@aws-cdk/aws-iam": {
            "version": "1.18.0",
            "resolved": "https://registry.npmjs.org/@aws-cdk/aws-iam/-/aws-iam-1.18.0.tgz",
            "integrity": "sha512-rl+1Oo1S5jZhAAxD1bR9ddBxIajyZ3LDpmGxiU1Y/4ZiwRlv/CKODOfhbNZUC4qHCeDFHUVUOjIYo2PRHRNmCA==",
            "dev": true,
            "requires": {
                "@aws-cdk/core": "1.18.0",
                "@aws-cdk/region-info": "1.18.0"
            }
        },
        "@aws-cdk/aws-kms": {
            "version": "1.18.0",
            "resolved": "https://registry.npmjs.org/@aws-cdk/aws-kms/-/aws-kms-1.18.0.tgz",
            "integrity": "sha512-EMt3RgmUWOMPgifwL6fIV1AotHDTEszEFcM/600etPa3QEOT74szXJGPNu55mhM2wzu5Gb/j3SNl209ys2+Zww==",
            "dev": true,
            "requires": {
                "@aws-cdk/aws-iam": "1.18.0",
                "@aws-cdk/core": "1.18.0"
            }
        },
        "@aws-cdk/aws-lambda": {
            "version": "1.18.0",
            "resolved": "https://registry.npmjs.org/@aws-cdk/aws-lambda/-/aws-lambda-1.18.0.tgz",
            "integrity": "sha512-jL3mZuHkDFDa7Yq1a4kCcODWBUoG/xhbtt1aKWqZ+w+jA2p/5SU8Yx9iJv7WWCz3bKUB7A4m0vJe/hABmr16KQ==",
            "dev": true,
            "requires": {
                "@aws-cdk/aws-cloudwatch": "1.18.0",
                "@aws-cdk/aws-ec2": "1.18.0",
                "@aws-cdk/aws-events": "1.18.0",
                "@aws-cdk/aws-iam": "1.18.0",
                "@aws-cdk/aws-logs": "1.18.0",
                "@aws-cdk/aws-s3": "1.18.0",
                "@aws-cdk/aws-s3-assets": "1.18.0",
                "@aws-cdk/aws-sqs": "1.18.0",
                "@aws-cdk/core": "1.18.0",
                "@aws-cdk/cx-api": "1.18.0"
            }
        },
        "@aws-cdk/aws-logs": {
            "version": "1.18.0",
            "resolved": "https://registry.npmjs.org/@aws-cdk/aws-logs/-/aws-logs-1.18.0.tgz",
            "integrity": "sha512-QKyIwv1MRBx7RLRn2XR/HUoYw6OPzaqe5zVNjLy5A+rAekCz3TE/yuRsjUXN+75I8Rbgw5wRTZ/1YRLf82wjhA==",
            "dev": true,
            "requires": {
                "@aws-cdk/aws-cloudwatch": "1.18.0",
                "@aws-cdk/aws-iam": "1.18.0",
                "@aws-cdk/core": "1.18.0"
            }
        },
        "@aws-cdk/aws-route53": {
            "version": "1.18.0",
            "resolved": "https://registry.npmjs.org/@aws-cdk/aws-route53/-/aws-route53-1.18.0.tgz",
            "integrity": "sha512-v/FiOL6jeRiCGvp0QA5YqVfgocoWF0jUKKOTDaUGOqtXKZ3v01uy/43zqRYhQ7EZZJZhOtEzNkrTLCXn9DMpDw==",
            "dev": true,
            "requires": {
                "@aws-cdk/aws-ec2": "1.18.0",
                "@aws-cdk/aws-logs": "1.18.0",
                "@aws-cdk/core": "1.18.0",
                "@aws-cdk/cx-api": "1.18.0"
            }
        },
        "@aws-cdk/aws-route53-targets": {
            "version": "1.18.0",
            "resolved": "https://registry.npmjs.org/@aws-cdk/aws-route53-targets/-/aws-route53-targets-1.18.0.tgz",
            "integrity": "sha512-d1sEgZiKWOLvgXgq1rwHnSS79M714z2dUh2QtTOduTVGcd61vC5TWuLBDJ2H4BLzmjEdAINxn5wcJoiHQITjzQ==",
            "dev": true,
            "requires": {
                "@aws-cdk/aws-apigateway": "1.18.0",
                "@aws-cdk/aws-cloudfront": "1.18.0",
                "@aws-cdk/aws-elasticloadbalancing": "1.18.0",
                "@aws-cdk/aws-elasticloadbalancingv2": "1.18.0",
                "@aws-cdk/aws-iam": "1.18.0",
                "@aws-cdk/aws-route53": "1.18.0",
                "@aws-cdk/aws-s3": "1.18.0",
                "@aws-cdk/core": "1.18.0",
                "@aws-cdk/region-info": "1.18.0"
            }
        },
        "@aws-cdk/aws-s3": {
            "version": "1.18.0",
            "resolved": "https://registry.npmjs.org/@aws-cdk/aws-s3/-/aws-s3-1.18.0.tgz",
            "integrity": "sha512-i50+7AEC8bMrxhB/0/eCg+JgiQTsvTEkZK1PPP1dncYQPi73uq9vk5RRVicdOtX6jvFz2aKUxWiVc3PdVuXRyQ==",
            "dev": true,
            "requires": {
                "@aws-cdk/aws-events": "1.18.0",
                "@aws-cdk/aws-iam": "1.18.0",
                "@aws-cdk/aws-kms": "1.18.0",
                "@aws-cdk/core": "1.18.0"
            }
        },
        "@aws-cdk/aws-s3-assets": {
            "version": "1.18.0",
            "resolved": "https://registry.npmjs.org/@aws-cdk/aws-s3-assets/-/aws-s3-assets-1.18.0.tgz",
            "integrity": "sha512-roDtShya5Vyda8eBktH+pIMftN2EuHa3k7/vxKqIpBAZJ+ne5c77XZxWWxqQzaukmlSZJYN0JBrDT1Bg+cJrwQ==",
            "dev": true,
            "requires": {
                "@aws-cdk/assets": "1.18.0",
                "@aws-cdk/aws-iam": "1.18.0",
                "@aws-cdk/aws-s3": "1.18.0",
                "@aws-cdk/core": "1.18.0",
                "@aws-cdk/cx-api": "1.18.0"
            }
        },
        "@aws-cdk/aws-secretsmanager": {
            "version": "1.18.0",
            "resolved": "https://registry.npmjs.org/@aws-cdk/aws-secretsmanager/-/aws-secretsmanager-1.18.0.tgz",
            "integrity": "sha512-VKUhBcIwon6IAtVfpJyamaphkRq33Kth55jXT2DG71wNSokHg9gphSHUPxTUU0Z8XNLlqRwwgYugjSMsegOLqA==",
            "dev": true,
            "requires": {
                "@aws-cdk/aws-ec2": "1.18.0",
                "@aws-cdk/aws-iam": "1.18.0",
                "@aws-cdk/aws-kms": "1.18.0",
                "@aws-cdk/aws-lambda": "1.18.0",
                "@aws-cdk/core": "1.18.0"
            }
        },
        "@aws-cdk/aws-servicediscovery": {
            "version": "1.18.0",
            "resolved": "https://registry.npmjs.org/@aws-cdk/aws-servicediscovery/-/aws-servicediscovery-1.18.0.tgz",
            "integrity": "sha512-+B3jlsCJprkPFvGNCDATa2jgPkOrcE+/Z7q0MYu2HXQ1hfsEKPORMue9xcJRorH9ah5NeVJrKMlT6+EZEtTwuA==",
            "dev": true,
            "requires": {
                "@aws-cdk/aws-ec2": "1.18.0",
                "@aws-cdk/aws-elasticloadbalancingv2": "1.18.0",
                "@aws-cdk/aws-route53": "1.18.0",
                "@aws-cdk/core": "1.18.0"
            }
        },
        "@aws-cdk/aws-sns": {
            "version": "1.18.0",
            "resolved": "https://registry.npmjs.org/@aws-cdk/aws-sns/-/aws-sns-1.18.0.tgz",
            "integrity": "sha512-kDCiGfRcPyxqM9HSl9+ikOlNPkVpG3i59HibXxI2OlZSNabQ+vJRUXKHkuc7N/mzlHLpGB5wLfsY4NqzZwwyeQ==",
            "dev": true,
            "requires": {
                "@aws-cdk/aws-cloudwatch": "1.18.0",
                "@aws-cdk/aws-events": "1.18.0",
                "@aws-cdk/aws-iam": "1.18.0",
                "@aws-cdk/core": "1.18.0"
            }
        },
        "@aws-cdk/aws-sns-subscriptions": {
            "version": "1.18.0",
            "resolved": "https://registry.npmjs.org/@aws-cdk/aws-sns-subscriptions/-/aws-sns-subscriptions-1.18.0.tgz",
            "integrity": "sha512-wOhhY92nDZBFSaS5Wz8IVo7uT2KeYBx4ej6y0n4d5RiuZ/Bl0mgUqS5W69EyAgZAdi4uclU1R5Uo2G9sCEw1CA==",
            "dev": true,
            "requires": {
                "@aws-cdk/aws-iam": "1.18.0",
                "@aws-cdk/aws-lambda": "1.18.0",
                "@aws-cdk/aws-sns": "1.18.0",
                "@aws-cdk/aws-sqs": "1.18.0",
                "@aws-cdk/core": "1.18.0"
            }
        },
        "@aws-cdk/aws-sqs": {
            "version": "1.18.0",
            "resolved": "https://registry.npmjs.org/@aws-cdk/aws-sqs/-/aws-sqs-1.18.0.tgz",
            "integrity": "sha512-oXmP43Jn2EdUv/n/VAYRvAU4LDbmXS3IJbzxoCvA9VG8q6ZE9rmooTAIhjY/gYGHTL9FNfySPw7YnRa9FApFhg==",
            "dev": true,
            "requires": {
                "@aws-cdk/aws-cloudwatch": "1.18.0",
                "@aws-cdk/aws-iam": "1.18.0",
                "@aws-cdk/aws-kms": "1.18.0",
                "@aws-cdk/core": "1.18.0"
            }
        },
        "@aws-cdk/aws-ssm": {
            "version": "1.18.0",
            "resolved": "https://registry.npmjs.org/@aws-cdk/aws-ssm/-/aws-ssm-1.18.0.tgz",
            "integrity": "sha512-8wnELHCneIez6au0PMPYqrxPXLvIstVEDiNdykTHCZ+lHIVKn/xLIXYMFuiC1CDPnVZr46eegCOHzO3l7cscWw==",
            "dev": true,
            "requires": {
                "@aws-cdk/aws-iam": "1.18.0",
                "@aws-cdk/aws-kms": "1.18.0",
                "@aws-cdk/core": "1.18.0",
                "@aws-cdk/cx-api": "1.18.0"
            }
        },
        "@aws-cdk/aws-stepfunctions": {
            "version": "1.18.0",
            "resolved": "https://registry.npmjs.org/@aws-cdk/aws-stepfunctions/-/aws-stepfunctions-1.18.0.tgz",
            "integrity": "sha512-f5wJt7JxGVzcqE+y3UEFRkqQfa3hkQT/QDxmj+dEPx2oIKPNpjiKoD8/Id0dyRhFYw30vqIdR8icD/gWdZqeWA==",
            "dev": true,
            "requires": {
                "@aws-cdk/aws-cloudwatch": "1.18.0",
                "@aws-cdk/aws-events": "1.18.0",
                "@aws-cdk/aws-iam": "1.18.0",
                "@aws-cdk/core": "1.18.0"
            }
        },
        "@aws-cdk/core": {
            "version": "1.18.0",
            "resolved": "https://registry.npmjs.org/@aws-cdk/core/-/core-1.18.0.tgz",
            "integrity": "sha512-9/VCu0X/McR/VPpEnFLKQ08Nc6xsjwJEA5LA3yIh6RSnFpIcQhu4IhDcoRG6OXjiOIDXk1rFf1Tu8pHevame6g==",
            "dev": true,
            "requires": {
                "@aws-cdk/cx-api": "1.18.0"
            }
        },
        "@aws-cdk/cx-api": {
            "version": "1.18.0",
            "resolved": "https://registry.npmjs.org/@aws-cdk/cx-api/-/cx-api-1.18.0.tgz",
            "integrity": "sha512-2v7eeErBOtjhGjvxSutWP1pddb1lXOf91uGXym2DGq+t3YobM3rDWZW3bkBRtVCx8ZJ/6V+3qCJ10dMzto2xNQ==",
            "dev": true,
            "requires": {
                "semver": "^6.3.0"
            },
            "dependencies": {
                "semver": {
                    "version": "6.3.0",
                    "bundled": true,
                    "dev": true
                }
            }
        },
        "@aws-cdk/region-info": {
            "version": "1.18.0",
            "resolved": "https://registry.npmjs.org/@aws-cdk/region-info/-/region-info-1.18.0.tgz",
            "integrity": "sha512-6nWNf/IXgByFWf0iaV71Q6ocSaYzuAqvyqFIPfzXSAsSeKtoljC1ih9tzhZbbLrf8fHrM4DW3DPYxYUJrRf/DA==",
            "dev": true
        },
        "@types/node": {
            "version": "12.12.12",
            "resolved": "https://registry.npmjs.org/@types/node/-/node-12.12.12.tgz",
            "integrity": "sha512-MGuvYJrPU0HUwqF7LqvIj50RZUX23Z+m583KBygKYUZLlZ88n6w28XRNJRJgsHukLEnLz6w6SvxZoLgbr5wLqQ==",
            "dev": true
        },
        "typescript": {
            "version": "3.7.2",
            "resolved": "https://registry.npmjs.org/typescript/-/typescript-3.7.2.tgz",
            "integrity": "sha512-ml7V7JfiN2Xwvcer+XAf2csGO1bPBdRbFCkYBczNZggrBZ9c7G3riSUeJmqEU5uOtXNPMhE3n+R4FA/3YOAWOQ==",
            "dev": true
        }
    }
}
