{
    "name": "ecr-image-scan-results-handler-deployment",
    "version": "1.0.0",
    "lockfileVersion": 1,
    "requires": true,
    "dependencies": {
        "@aws-cdk/assets": {
            "version": "1.17.1",
            "resolved": "https://registry.npmjs.org/@aws-cdk/assets/-/assets-1.17.1.tgz",
            "integrity": "sha512-DsjgwdGvzRxEichF21mUWMjtI3kMSpRJtD/7+nE1JU8m/cBdxfE8EhQ5UgrAewSaE5lT0/w7Ld0U6IY33KclKg==",
            "dev": true,
            "requires": {
                "@aws-cdk/core": "1.17.1",
                "@aws-cdk/cx-api": "1.17.1",
                "minimatch": "^3.0.4"
            },
            "dependencies": {
                "@aws-cdk/core": {
                    "version": "1.17.1",
                    "resolved": "https://registry.npmjs.org/@aws-cdk/core/-/core-1.17.1.tgz",
                    "integrity": "sha512-MY9LvBeuoQ5bsapHxXkmTWefXxQMNbb2A3oSgYIRleA3VI5panBoccW8JQQdmG+r6kU9bMVLVvBDT9WKvEOSXQ==",
                    "dev": true,
                    "requires": {
                        "@aws-cdk/cx-api": "1.17.1"
                    }
                },
                "@aws-cdk/cx-api": {
                    "version": "1.17.1",
                    "resolved": "https://registry.npmjs.org/@aws-cdk/cx-api/-/cx-api-1.17.1.tgz",
                    "integrity": "sha512-3aGO5AGgVs+bDMp8fCqT9D7YqklN8KzdG4KgrHDYzqlhRxLQ0+VpruyqcYNktM5WTyQWGlwYLU1PMnw89fSDYQ==",
                    "dev": true,
                    "requires": {
                        "semver": "^6.3.0"
                    },
                    "dependencies": {
                        "semver": {
                            "version": "6.3.0",
                            "bundled": true,
                            "dev": true
                        }
                    }
                },
                "balanced-match": {
                    "version": "1.0.0",
                    "bundled": true,
                    "dev": true
                },
                "brace-expansion": {
                    "version": "1.1.11",
                    "bundled": true,
                    "dev": true,
                    "requires": {
                        "balanced-match": "^1.0.0",
                        "concat-map": "0.0.1"
                    }
                },
                "concat-map": {
                    "version": "0.0.1",
                    "bundled": true,
                    "dev": true
                },
                "minimatch": {
                    "version": "3.0.4",
                    "bundled": true,
                    "dev": true,
                    "requires": {
                        "brace-expansion": "^1.1.7"
                    }
                }
            }
        },
        "@aws-cdk/aws-apigateway": {
            "version": "1.17.1",
            "resolved": "https://registry.npmjs.org/@aws-cdk/aws-apigateway/-/aws-apigateway-1.17.1.tgz",
            "integrity": "sha512-ZOYw9oK903Lc8ifQkLrpTe+pwBBuo0v4gqAeXtygbQsIb2vGx+Euj6vJTZfT7DZ6veK7q/KWuNb3AFAq3U0h2A==",
            "dev": true,
            "requires": {
                "@aws-cdk/aws-certificatemanager": "1.17.1",
                "@aws-cdk/aws-elasticloadbalancingv2": "1.17.1",
                "@aws-cdk/aws-iam": "1.17.1",
                "@aws-cdk/aws-lambda": "1.17.1",
                "@aws-cdk/core": "1.17.1"
            }
        },
        "@aws-cdk/aws-applicationautoscaling": {
            "version": "1.17.1",
            "resolved": "https://registry.npmjs.org/@aws-cdk/aws-applicationautoscaling/-/aws-applicationautoscaling-1.17.1.tgz",
            "integrity": "sha512-0BxkmU4Vg33flAxPgT17v/YAzpqoLPdqGe7wZJsRaf6lj9cMCPgyRWn7yfvuQmsIuvBWSK5/kQOS8ffXgonLwg==",
            "dev": true,
            "requires": {
                "@aws-cdk/aws-autoscaling-common": "1.17.1",
                "@aws-cdk/aws-cloudwatch": "1.17.1",
                "@aws-cdk/aws-iam": "1.17.1",
                "@aws-cdk/core": "1.17.1"
            }
        },
        "@aws-cdk/aws-autoscaling": {
            "version": "1.17.1",
            "resolved": "https://registry.npmjs.org/@aws-cdk/aws-autoscaling/-/aws-autoscaling-1.17.1.tgz",
            "integrity": "sha512-6M89k339aEbKPUqHqSxOxoZKmJoTCoxJLr4pqDyK5FrrhmOXw8j/xANs4aHi4JkreZRwULB6yTwViPwlOjUE6w==",
            "dev": true,
            "requires": {
                "@aws-cdk/aws-autoscaling-common": "1.17.1",
                "@aws-cdk/aws-cloudwatch": "1.17.1",
                "@aws-cdk/aws-ec2": "1.17.1",
                "@aws-cdk/aws-elasticloadbalancing": "1.17.1",
                "@aws-cdk/aws-elasticloadbalancingv2": "1.17.1",
                "@aws-cdk/aws-iam": "1.17.1",
                "@aws-cdk/aws-sns": "1.17.1",
                "@aws-cdk/core": "1.17.1"
            }
        },
        "@aws-cdk/aws-autoscaling-common": {
            "version": "1.17.1",
            "resolved": "https://registry.npmjs.org/@aws-cdk/aws-autoscaling-common/-/aws-autoscaling-common-1.17.1.tgz",
            "integrity": "sha512-ryW+fHaZRln+ellWmNjq8wErVm38oQTGksp22wzmHLXbynyJowaObmBHxMs6Wn7tMz/1VWpDecSqdrfKvqNMBw==",
            "dev": true,
            "requires": {
                "@aws-cdk/aws-iam": "1.17.1",
                "@aws-cdk/core": "1.17.1"
            }
        },
        "@aws-cdk/aws-autoscaling-hooktargets": {
            "version": "1.17.1",
            "resolved": "https://registry.npmjs.org/@aws-cdk/aws-autoscaling-hooktargets/-/aws-autoscaling-hooktargets-1.17.1.tgz",
            "integrity": "sha512-n2ybO0gBJOaIyUjPWyQKhR0q8DLNjY9Bwq7z8sc/ZC9MlO6sktLplBA6kSc4YrKphhgKqZbZeubY6v5/jl0zFA==",
            "dev": true,
            "requires": {
                "@aws-cdk/aws-autoscaling": "1.17.1",
                "@aws-cdk/aws-iam": "1.17.1",
                "@aws-cdk/aws-lambda": "1.17.1",
                "@aws-cdk/aws-sns": "1.17.1",
                "@aws-cdk/aws-sns-subscriptions": "1.17.1",
                "@aws-cdk/aws-sqs": "1.17.1",
                "@aws-cdk/core": "1.17.1"
            }
        },
        "@aws-cdk/aws-certificatemanager": {
            "version": "1.17.1",
            "resolved": "https://registry.npmjs.org/@aws-cdk/aws-certificatemanager/-/aws-certificatemanager-1.17.1.tgz",
            "integrity": "sha512-7Bg5EmPhX3Do2ZO0XhsBnMGNN6IDtnn4b/dME8XoFKHo+Ej91qGNB9+fd3MLRyxJ7eXCtLu/rnMrH/30ZLp/BA==",
            "dev": true,
            "requires": {
                "@aws-cdk/aws-cloudformation": "1.17.1",
                "@aws-cdk/aws-iam": "1.17.1",
                "@aws-cdk/aws-lambda": "1.17.1",
                "@aws-cdk/aws-route53": "1.17.1",
                "@aws-cdk/core": "1.17.1"
            }
        },
        "@aws-cdk/aws-cloudformation": {
            "version": "1.17.1",
            "resolved": "https://registry.npmjs.org/@aws-cdk/aws-cloudformation/-/aws-cloudformation-1.17.1.tgz",
            "integrity": "sha512-WOLx28d1IICfR9PxUpM0ky/H06/zMTpbW+K7xPp+EZNcfi5qfvXhJoO1Avi1rfbJOZz18lM2p99fuisBXxP9Tg==",
            "dev": true,
            "requires": {
                "@aws-cdk/aws-iam": "1.17.1",
                "@aws-cdk/aws-lambda": "1.17.1",
                "@aws-cdk/aws-s3": "1.17.1",
                "@aws-cdk/aws-sns": "1.17.1",
                "@aws-cdk/core": "1.17.1",
                "@aws-cdk/cx-api": "1.17.1"
            }
        },
        "@aws-cdk/aws-cloudfront": {
            "version": "1.17.1",
            "resolved": "https://registry.npmjs.org/@aws-cdk/aws-cloudfront/-/aws-cloudfront-1.17.1.tgz",
            "integrity": "sha512-dVpjS+WAWss9b5henSXWb00wA3qx/eDmJvr8tmlUOHahnjIdMQNPNJWMP/3hdaqUSCsmcpmVMhm9tckPTRP9tQ==",
            "dev": true,
            "requires": {
                "@aws-cdk/aws-certificatemanager": "1.17.1",
                "@aws-cdk/aws-iam": "1.17.1",
                "@aws-cdk/aws-kms": "1.17.1",
                "@aws-cdk/aws-lambda": "1.17.1",
                "@aws-cdk/aws-s3": "1.17.1",
                "@aws-cdk/core": "1.17.1"
            }
        },
        "@aws-cdk/aws-cloudwatch": {
            "version": "1.17.1",
            "resolved": "https://registry.npmjs.org/@aws-cdk/aws-cloudwatch/-/aws-cloudwatch-1.17.1.tgz",
            "integrity": "sha512-AXgsKnBbJWMn5ujBJbFYc38yEuawCY1akEXxr9/FXMXOtKV4IuhlMSR7ih12ZOyb67UAYbY+E4K2IFAGJnzk2w==",
            "dev": true,
            "requires": {
                "@aws-cdk/aws-iam": "1.17.1",
                "@aws-cdk/core": "1.17.1"
            }
        },
        "@aws-cdk/aws-codebuild": {
            "version": "1.17.1",
            "resolved": "https://registry.npmjs.org/@aws-cdk/aws-codebuild/-/aws-codebuild-1.17.1.tgz",
            "integrity": "sha512-uAwNmF4b21mqyOqs30RYZwANxQI7a8yrM3hH9L38Xj/qoNZQWezV3aUdgyqbwfBjmJ7t+DMFLihKHYJuIVRpfA==",
            "dev": true,
            "requires": {
                "@aws-cdk/assets": "1.17.1",
                "@aws-cdk/aws-cloudwatch": "1.17.1",
                "@aws-cdk/aws-codecommit": "1.17.1",
                "@aws-cdk/aws-ec2": "1.17.1",
                "@aws-cdk/aws-ecr": "1.17.1",
                "@aws-cdk/aws-ecr-assets": "1.17.1",
                "@aws-cdk/aws-events": "1.17.1",
                "@aws-cdk/aws-iam": "1.17.1",
                "@aws-cdk/aws-kms": "1.17.1",
                "@aws-cdk/aws-s3": "1.17.1",
                "@aws-cdk/aws-s3-assets": "1.17.1",
                "@aws-cdk/aws-secretsmanager": "1.17.1",
                "@aws-cdk/core": "1.17.1"
            }
        },
        "@aws-cdk/aws-codecommit": {
            "version": "1.17.1",
            "resolved": "https://registry.npmjs.org/@aws-cdk/aws-codecommit/-/aws-codecommit-1.17.1.tgz",
            "integrity": "sha512-RTHPsWYcSeKrCe8vPAp9rtwe8xE/98z+aOq/Bt9F5O/x0x6hBTZQqJiwZT/7KOiFg17zkMuePiTTA2a1zfQ7Tw==",
            "dev": true,
            "requires": {
                "@aws-cdk/aws-events": "1.17.1",
                "@aws-cdk/aws-iam": "1.17.1",
                "@aws-cdk/core": "1.17.1"
            }
        },
        "@aws-cdk/aws-codepipeline": {
            "version": "1.17.1",
            "resolved": "https://registry.npmjs.org/@aws-cdk/aws-codepipeline/-/aws-codepipeline-1.17.1.tgz",
            "integrity": "sha512-lIHRO0mplux35QBnSCylOdJ2vP0kscsh1eNHqNJZqdwqLIWUdXZm/FLO2Iku75e/3EEdppsLkw/0bxha3l2RZg==",
            "dev": true,
            "requires": {
                "@aws-cdk/aws-events": "1.17.1",
                "@aws-cdk/aws-iam": "1.17.1",
                "@aws-cdk/aws-kms": "1.17.1",
                "@aws-cdk/aws-s3": "1.17.1",
                "@aws-cdk/core": "1.17.1"
            }
        },
        "@aws-cdk/aws-ec2": {
            "version": "1.17.1",
            "resolved": "https://registry.npmjs.org/@aws-cdk/aws-ec2/-/aws-ec2-1.17.1.tgz",
            "integrity": "sha512-D2RU/jOKUzsa3S0uFnGjIG/h1kI6vJPprCB3C7D2E7nQn4jBg72Lm20VgnpInWKEhtHMCDlgDGO2AhyOdayYOw==",
            "dev": true,
            "requires": {
                "@aws-cdk/aws-cloudwatch": "1.17.1",
                "@aws-cdk/aws-iam": "1.17.1",
                "@aws-cdk/aws-ssm": "1.17.1",
                "@aws-cdk/core": "1.17.1",
                "@aws-cdk/cx-api": "1.17.1"
            }
        },
        "@aws-cdk/aws-ecr": {
            "version": "1.17.1",
            "resolved": "https://registry.npmjs.org/@aws-cdk/aws-ecr/-/aws-ecr-1.17.1.tgz",
            "integrity": "sha512-OREWMkz6RmW5unFV8iiRDEpEZqCYSmOWcsT+5Xerdrkdmc0+t23/HzSBTPSIJZSEm1HTmwqAlQ/IyJA+YPlyMQ==",
            "dev": true,
            "requires": {
                "@aws-cdk/aws-events": "1.17.1",
                "@aws-cdk/aws-iam": "1.17.1",
                "@aws-cdk/core": "1.17.1"
            }
        },
        "@aws-cdk/aws-ecr-assets": {
            "version": "1.17.1",
            "resolved": "https://registry.npmjs.org/@aws-cdk/aws-ecr-assets/-/aws-ecr-assets-1.17.1.tgz",
            "integrity": "sha512-AB+YTD/jBj1oQKEZnEOv3we8x62ZONQpMlaodn+IG6GNcFvdMpkMICmCkWB52euS8fgdV2QYKkGgv7acLii+jg==",
            "dev": true,
            "requires": {
                "@aws-cdk/assets": "1.17.1",
                "@aws-cdk/aws-cloudformation": "1.17.1",
                "@aws-cdk/aws-ecr": "1.17.1",
                "@aws-cdk/aws-iam": "1.17.1",
                "@aws-cdk/aws-lambda": "1.17.1",
                "@aws-cdk/aws-s3": "1.17.1",
                "@aws-cdk/core": "1.17.1",
                "@aws-cdk/cx-api": "1.17.1"
            }
        },
        "@aws-cdk/aws-ecs": {
            "version": "1.17.1",
            "resolved": "https://registry.npmjs.org/@aws-cdk/aws-ecs/-/aws-ecs-1.17.1.tgz",
            "integrity": "sha512-Etg0vnLWVDyyncFYncaGk3KPLGdU6FTVGSEGhfcvvBsQY6jjrmVyKuacjUTDoJydj9Q+GpwmUCKR+RPdEU2zuQ==",
            "dev": true,
            "requires": {
                "@aws-cdk/aws-applicationautoscaling": "1.17.1",
                "@aws-cdk/aws-autoscaling": "1.17.1",
                "@aws-cdk/aws-autoscaling-hooktargets": "1.17.1",
                "@aws-cdk/aws-certificatemanager": "1.17.1",
                "@aws-cdk/aws-cloudformation": "1.17.1",
                "@aws-cdk/aws-cloudwatch": "1.17.1",
                "@aws-cdk/aws-ec2": "1.17.1",
                "@aws-cdk/aws-ecr": "1.17.1",
                "@aws-cdk/aws-ecr-assets": "1.17.1",
                "@aws-cdk/aws-elasticloadbalancing": "1.17.1",
                "@aws-cdk/aws-elasticloadbalancingv2": "1.17.1",
                "@aws-cdk/aws-iam": "1.17.1",
                "@aws-cdk/aws-lambda": "1.17.1",
                "@aws-cdk/aws-logs": "1.17.1",
                "@aws-cdk/aws-route53": "1.17.1",
                "@aws-cdk/aws-route53-targets": "1.17.1",
                "@aws-cdk/aws-secretsmanager": "1.17.1",
                "@aws-cdk/aws-servicediscovery": "1.17.1",
                "@aws-cdk/aws-sns": "1.17.1",
                "@aws-cdk/aws-sqs": "1.17.1",
                "@aws-cdk/aws-ssm": "1.17.1",
                "@aws-cdk/core": "1.17.1",
                "@aws-cdk/cx-api": "1.17.1"
            }
        },
        "@aws-cdk/aws-elasticloadbalancing": {
            "version": "1.17.1",
            "resolved": "https://registry.npmjs.org/@aws-cdk/aws-elasticloadbalancing/-/aws-elasticloadbalancing-1.17.1.tgz",
            "integrity": "sha512-lsABMsAroteGMcDqB8lyK5Wx9K2hnjwjxl/+TDfytg9pFoiIHlW6YDeVFEoiPnSKHgxoJbn3UY88Yd2vve0pJA==",
            "dev": true,
            "requires": {
                "@aws-cdk/aws-ec2": "1.17.1",
                "@aws-cdk/core": "1.17.1"
            }
        },
        "@aws-cdk/aws-elasticloadbalancingv2": {
            "version": "1.17.1",
            "resolved": "https://registry.npmjs.org/@aws-cdk/aws-elasticloadbalancingv2/-/aws-elasticloadbalancingv2-1.17.1.tgz",
            "integrity": "sha512-3oM3qJe5a9dUJy13ihkeJw+KstnlcVhUluTRGhHQAUPVpVQjtsGayhjsae02IJBlWY6WR2LtROfx1MoGTqBK7Q==",
            "dev": true,
            "requires": {
                "@aws-cdk/aws-certificatemanager": "1.17.1",
                "@aws-cdk/aws-cloudwatch": "1.17.1",
                "@aws-cdk/aws-ec2": "1.17.1",
                "@aws-cdk/aws-iam": "1.17.1",
                "@aws-cdk/aws-lambda": "1.17.1",
                "@aws-cdk/aws-s3": "1.17.1",
                "@aws-cdk/core": "1.17.1"
            }
        },
        "@aws-cdk/aws-events": {
            "version": "1.17.1",
            "resolved": "https://registry.npmjs.org/@aws-cdk/aws-events/-/aws-events-1.17.1.tgz",
            "integrity": "sha512-6kXMKmaAeQkaBnYtVxZG6FZ37LaD6YczAx/rs4gP5hVvHO/nOWjg1+UFf47h+uFtprKaNetuJUkLhwncqV7/7A==",
            "dev": true,
            "requires": {
                "@aws-cdk/aws-iam": "1.17.1",
                "@aws-cdk/core": "1.17.1"
            }
        },
        "@aws-cdk/aws-events-targets": {
            "version": "1.17.1",
            "resolved": "https://registry.npmjs.org/@aws-cdk/aws-events-targets/-/aws-events-targets-1.17.1.tgz",
            "integrity": "sha512-p1hGXjuWtRq1XN1PskZMkgZt+SRnbuVN2FBCJPY2LWT0jC4PWMt0jeD8LuHPa5djNd8tcPlcPo1ExwP1otoR2A==",
            "dev": true,
            "requires": {
                "@aws-cdk/aws-cloudformation": "1.17.1",
                "@aws-cdk/aws-codebuild": "1.17.1",
                "@aws-cdk/aws-codepipeline": "1.17.1",
                "@aws-cdk/aws-ec2": "1.17.1",
                "@aws-cdk/aws-ecs": "1.17.1",
                "@aws-cdk/aws-events": "1.17.1",
                "@aws-cdk/aws-iam": "1.17.1",
                "@aws-cdk/aws-lambda": "1.17.1",
                "@aws-cdk/aws-sns": "1.17.1",
                "@aws-cdk/aws-sns-subscriptions": "1.17.1",
                "@aws-cdk/aws-sqs": "1.17.1",
                "@aws-cdk/aws-stepfunctions": "1.17.1",
                "@aws-cdk/core": "1.17.1"
            }
        },
        "@aws-cdk/aws-iam": {
            "version": "1.17.1",
            "resolved": "https://registry.npmjs.org/@aws-cdk/aws-iam/-/aws-iam-1.17.1.tgz",
            "integrity": "sha512-smuU0Tl4qVV51PsKeeRm+U4G32qL1j7OLb9SkoldtjWiXNKl4VUo6S0vE/rG72eO6+ooefrTruunpqa7nECf/A==",
            "dev": true,
            "requires": {
                "@aws-cdk/core": "1.17.1",
                "@aws-cdk/region-info": "1.17.1"
            }
        },
        "@aws-cdk/aws-kms": {
            "version": "1.17.1",
            "resolved": "https://registry.npmjs.org/@aws-cdk/aws-kms/-/aws-kms-1.17.1.tgz",
            "integrity": "sha512-tfWmYaphAmSu2DRgy3jwewtwW2IyEfSNOq4cA3vdP2cleYhF11+1UzDQyJ08BAWG12VjQxrWijZjjnDSPxT80w==",
            "dev": true,
            "requires": {
                "@aws-cdk/aws-iam": "1.17.1",
                "@aws-cdk/core": "1.17.1"
            }
        },
        "@aws-cdk/aws-lambda": {
            "version": "1.17.1",
            "resolved": "https://registry.npmjs.org/@aws-cdk/aws-lambda/-/aws-lambda-1.17.1.tgz",
            "integrity": "sha512-43BEJr1epeU0GLKiPIWGl6RO+b721jLZ5z03CAznTCWMYYOz/H7Upd9kGP53OhXZq0BjMlvZqwUI9fW06SVTnA==",
            "dev": true,
            "requires": {
                "@aws-cdk/aws-cloudwatch": "1.17.1",
                "@aws-cdk/aws-ec2": "1.17.1",
                "@aws-cdk/aws-events": "1.17.1",
                "@aws-cdk/aws-iam": "1.17.1",
                "@aws-cdk/aws-logs": "1.17.1",
                "@aws-cdk/aws-s3": "1.17.1",
                "@aws-cdk/aws-s3-assets": "1.17.1",
                "@aws-cdk/aws-sqs": "1.17.1",
                "@aws-cdk/core": "1.17.1",
                "@aws-cdk/cx-api": "1.17.1"
            }
        },
        "@aws-cdk/aws-logs": {
            "version": "1.17.1",
            "resolved": "https://registry.npmjs.org/@aws-cdk/aws-logs/-/aws-logs-1.17.1.tgz",
            "integrity": "sha512-JM7UjDZ4m3ShLwYakETU78sKq4LNNcy1/xUjyY+DPXEbLR7P/ce0XDwvehEhY5mJoQ+PgU5zFU0cZtLKpOeVrA==",
            "dev": true,
            "requires": {
                "@aws-cdk/aws-cloudwatch": "1.17.1",
                "@aws-cdk/aws-iam": "1.17.1",
                "@aws-cdk/core": "1.17.1"
            }
        },
        "@aws-cdk/aws-route53": {
            "version": "1.17.1",
            "resolved": "https://registry.npmjs.org/@aws-cdk/aws-route53/-/aws-route53-1.17.1.tgz",
            "integrity": "sha512-kBemK7l1L6eYJfP5rbnLIIdI8xtQNPQPPiAYaoDAnM7A2sD76tplwmFB3FXojPkFpiPRPuZpsK0SbuD+IAaVqQ==",
            "dev": true,
            "requires": {
                "@aws-cdk/aws-ec2": "1.17.1",
                "@aws-cdk/aws-logs": "1.17.1",
                "@aws-cdk/core": "1.17.1",
                "@aws-cdk/cx-api": "1.17.1"
            }
        },
        "@aws-cdk/aws-route53-targets": {
            "version": "1.17.1",
            "resolved": "https://registry.npmjs.org/@aws-cdk/aws-route53-targets/-/aws-route53-targets-1.17.1.tgz",
            "integrity": "sha512-tkV6eyVg0O9+H25GVPtapOY1PQd4iPCarUBRIRFbas/6Kajkni0O9+c5gUCgjJMGDCcVNNz6a9skrErn4qzJxw==",
            "dev": true,
            "requires": {
                "@aws-cdk/aws-apigateway": "1.17.1",
                "@aws-cdk/aws-cloudfront": "1.17.1",
                "@aws-cdk/aws-elasticloadbalancing": "1.17.1",
                "@aws-cdk/aws-elasticloadbalancingv2": "1.17.1",
                "@aws-cdk/aws-iam": "1.17.1",
                "@aws-cdk/aws-route53": "1.17.1",
                "@aws-cdk/aws-s3": "1.17.1",
                "@aws-cdk/core": "1.17.1",
                "@aws-cdk/region-info": "1.17.1"
            }
        },
        "@aws-cdk/aws-s3": {
            "version": "1.17.1",
            "resolved": "https://registry.npmjs.org/@aws-cdk/aws-s3/-/aws-s3-1.17.1.tgz",
            "integrity": "sha512-ZA8wJwIq2mzsD279B8n6zABkRZ2WSdr8IShG/2EIfTyy2pTiCmckOYMTYaHtCbdMB7be6dlYgsOanP/Q2FO96Q==",
            "dev": true,
            "requires": {
                "@aws-cdk/aws-events": "1.17.1",
                "@aws-cdk/aws-iam": "1.17.1",
                "@aws-cdk/aws-kms": "1.17.1",
                "@aws-cdk/core": "1.17.1"
            }
        },
        "@aws-cdk/aws-s3-assets": {
            "version": "1.17.1",
            "resolved": "https://registry.npmjs.org/@aws-cdk/aws-s3-assets/-/aws-s3-assets-1.17.1.tgz",
            "integrity": "sha512-XyVoHWrsRC3FoCs45VrXYV4QiWsMWWQ2kIMVvkG3KK/WEglzTHc0YkE+FbeypN8oBlnh81/e7i1P7w8fQbEQVA==",
            "dev": true,
            "requires": {
                "@aws-cdk/assets": "1.17.1",
                "@aws-cdk/aws-iam": "1.17.1",
                "@aws-cdk/aws-s3": "1.17.1",
                "@aws-cdk/core": "1.17.1",
                "@aws-cdk/cx-api": "1.17.1"
            }
        },
        "@aws-cdk/aws-secretsmanager": {
            "version": "1.17.1",
            "resolved": "https://registry.npmjs.org/@aws-cdk/aws-secretsmanager/-/aws-secretsmanager-1.17.1.tgz",
            "integrity": "sha512-z8ZK19rE6ZWPuPVhe6AN7DHqsMlVTUozQKnEk0BYzTI+kiipAxyrIjLP+P5vxlMKGuBnV7ThGd7xB8NP8EbzIw==",
            "dev": true,
            "requires": {
                "@aws-cdk/aws-ec2": "1.17.1",
                "@aws-cdk/aws-iam": "1.17.1",
                "@aws-cdk/aws-kms": "1.17.1",
                "@aws-cdk/aws-lambda": "1.17.1",
                "@aws-cdk/core": "1.17.1"
            }
        },
        "@aws-cdk/aws-servicediscovery": {
            "version": "1.17.1",
            "resolved": "https://registry.npmjs.org/@aws-cdk/aws-servicediscovery/-/aws-servicediscovery-1.17.1.tgz",
            "integrity": "sha512-L+lnwshAsFX1bREmssWkmqiY4zQdVOkzAmh4hLC94eazPNq1BQOl0bDAcdf4/ABpFfzrEXhwufF+keU9hyWkpA==",
            "dev": true,
            "requires": {
                "@aws-cdk/aws-ec2": "1.17.1",
                "@aws-cdk/aws-elasticloadbalancingv2": "1.17.1",
                "@aws-cdk/aws-route53": "1.17.1",
                "@aws-cdk/core": "1.17.1"
            }
        },
        "@aws-cdk/aws-sns": {
            "version": "1.17.1",
            "resolved": "https://registry.npmjs.org/@aws-cdk/aws-sns/-/aws-sns-1.17.1.tgz",
            "integrity": "sha512-L+kznCKJ0uUDavjWGXFV2bQdka7Yc04GNchhePirxY7P4CQgtgb2Sle0blunon51GqAVb+pIVjZIFZFBrQ1QJQ==",
            "dev": true,
            "requires": {
                "@aws-cdk/aws-cloudwatch": "1.17.1",
                "@aws-cdk/aws-events": "1.17.1",
                "@aws-cdk/aws-iam": "1.17.1",
                "@aws-cdk/core": "1.17.1"
            }
        },
        "@aws-cdk/aws-sns-subscriptions": {
            "version": "1.17.1",
            "resolved": "https://registry.npmjs.org/@aws-cdk/aws-sns-subscriptions/-/aws-sns-subscriptions-1.17.1.tgz",
            "integrity": "sha512-qBbR9HVsDj9v/fz1PMpVzaHWrsFk+ikfjTJJHo5k3GV8RPU61ZN4qVy/Cm5yLRJ5gmy948e/QzexAhOGSZhc/Q==",
            "dev": true,
            "requires": {
                "@aws-cdk/aws-iam": "1.17.1",
                "@aws-cdk/aws-lambda": "1.17.1",
                "@aws-cdk/aws-sns": "1.17.1",
                "@aws-cdk/aws-sqs": "1.17.1",
                "@aws-cdk/core": "1.17.1"
            }
        },
        "@aws-cdk/aws-sqs": {
            "version": "1.17.1",
            "resolved": "https://registry.npmjs.org/@aws-cdk/aws-sqs/-/aws-sqs-1.17.1.tgz",
            "integrity": "sha512-mQ7ndsDQVV6ZrAN3CruqM+XYbH2WLY6kzRbL1esHt3ZwdvIlbG7uuEq26hrOVU9TX3+oYRyEht/BXPpgDuRpdg==",
            "dev": true,
            "requires": {
                "@aws-cdk/aws-cloudwatch": "1.17.1",
                "@aws-cdk/aws-iam": "1.17.1",
                "@aws-cdk/aws-kms": "1.17.1",
                "@aws-cdk/core": "1.17.1"
            }
        },
        "@aws-cdk/aws-ssm": {
            "version": "1.17.1",
            "resolved": "https://registry.npmjs.org/@aws-cdk/aws-ssm/-/aws-ssm-1.17.1.tgz",
            "integrity": "sha512-8OOn4NUK7pO9OOJvN4TumiPn3AH4o6n2/Lfo5olX9k9hGHKqGydmVcyvPNMsv94/Iz1mMGGgrIWcUfXe5tHNHA==",
            "dev": true,
            "requires": {
                "@aws-cdk/aws-iam": "1.17.1",
                "@aws-cdk/aws-kms": "1.17.1",
                "@aws-cdk/core": "1.17.1",
                "@aws-cdk/cx-api": "1.17.1"
            }
        },
        "@aws-cdk/aws-stepfunctions": {
            "version": "1.17.1",
            "resolved": "https://registry.npmjs.org/@aws-cdk/aws-stepfunctions/-/aws-stepfunctions-1.17.1.tgz",
            "integrity": "sha512-xJEd8c85UsI2MmjUMrkkiTnLyLAbUv8e7H4BL287TvSOcP9n4mHW0KTqy9doty6CrMhIWr1kQWCiItrjcqeufw==",
            "dev": true,
            "requires": {
                "@aws-cdk/aws-cloudwatch": "1.17.1",
                "@aws-cdk/aws-events": "1.17.1",
                "@aws-cdk/aws-iam": "1.17.1",
                "@aws-cdk/core": "1.17.1"
            }
        },
        "@aws-cdk/core": {
            "version": "1.17.1",
            "resolved": "https://registry.npmjs.org/@aws-cdk/core/-/core-1.17.1.tgz",
            "integrity": "sha512-MY9LvBeuoQ5bsapHxXkmTWefXxQMNbb2A3oSgYIRleA3VI5panBoccW8JQQdmG+r6kU9bMVLVvBDT9WKvEOSXQ==",
            "dev": true,
            "requires": {
                "@aws-cdk/cx-api": "1.17.1"
            }
        },
        "@aws-cdk/cx-api": {
            "version": "1.17.1",
            "resolved": "https://registry.npmjs.org/@aws-cdk/cx-api/-/cx-api-1.17.1.tgz",
            "integrity": "sha512-3aGO5AGgVs+bDMp8fCqT9D7YqklN8KzdG4KgrHDYzqlhRxLQ0+VpruyqcYNktM5WTyQWGlwYLU1PMnw89fSDYQ==",
            "dev": true,
            "requires": {
                "semver": "^6.3.0"
            },
            "dependencies": {
                "semver": {
                    "version": "6.3.0",
                    "bundled": true,
                    "dev": true
                }
            }
        },
        "@aws-cdk/region-info": {
            "version": "1.17.1",
            "resolved": "https://registry.npmjs.org/@aws-cdk/region-info/-/region-info-1.17.1.tgz",
            "integrity": "sha512-7zhAfFbLlX8LRJtkpb9+3erMTKY7N8zICgcgsQF1RxJD09ZBy7+Ad7TXcUZGbCmqJgYQFCYFrlyI+6NfGGZraw==",
            "dev": true
        },
        "@types/node": {
            "version": "12.12.12",
            "resolved": "https://registry.npmjs.org/@types/node/-/node-12.12.12.tgz",
            "integrity": "sha512-MGuvYJrPU0HUwqF7LqvIj50RZUX23Z+m583KBygKYUZLlZ88n6w28XRNJRJgsHukLEnLz6w6SvxZoLgbr5wLqQ==",
            "dev": true
        },
        "typescript": {
            "version": "3.7.2",
            "resolved": "https://registry.npmjs.org/typescript/-/typescript-3.7.2.tgz",
            "integrity": "sha512-ml7V7JfiN2Xwvcer+XAf2csGO1bPBdRbFCkYBczNZggrBZ9c7G3riSUeJmqEU5uOtXNPMhE3n+R4FA/3YOAWOQ==",
            "dev": true
        }
    }
}
